// !$*UTF8*$!
{
	archiveVersion = 1;
	classes = {
	};
	objectVersion = 56;
	objects = {

/* Begin PBXBuildFile section */
		1A2B3C4D5E6F7890ABCDEF01 /* Assets.xcassets in Resources */ = {isa = PBXBuildFile; fileRef = 1A2B3C4D5E6F7890ABCDEF02 /* Assets.xcassets */; };
		1A2B3C4D5E6F7890ABCDEF03 /* AppDelegate.swift in Sources */ = {isa = PBXBuildFile; fileRef = 1A2B3C4D5E6F7890ABCDEF04 /* AppDelegate.swift */; };
		1A2B3C4D5E6F7890ABCDEF05 /* Main.storyboard in Resources */ = {isa = PBXBuildFile; fileRef = 1A2B3C4D5E6F7890ABCDEF06 /* Main.storyboard */; };
		1A2B3C4D5E6F7890ABCDEF07 /* ViewController.swift in Sources */ = {isa = PBXBuildFile; fileRef = 1A2B3C4D5E6F7890ABCDEF08 /* ViewController.swift */; };
		1A2B3C4D5E6F7890ABCDEF09 /* SafariWebExtensionHandler.swift in Sources */ = {isa = PBXBuildFile; fileRef = 1A2B3C4D5E6F7890ABCDEF10 /* SafariWebExtensionHandler.swift */; };
		1A2B3C4D5E6F7890ABCDEF11 /* background.js in Resources */ = {isa = PBXBuildFile; fileRef = 1A2B3C4D5E6F7890ABCDEF12 /* background.js */; };
		1A2B3C4D5E6F7890ABCDEF13 /* content-script.js in Resources */ = {isa = PBXBuildFile; fileRef = 1A2B3C4D5E6F7890ABCDEF14 /* content-script.js */; };
		1A2B3C4D5E6F7890ABCDEF15 /* popup.html in Resources */ = {isa = PBXBuildFile; fileRef = 1A2B3C4D5E6F7890ABCDEF16 /* popup.html */; };
		1A2B3C4D5E6F7890ABCDEF17 /* popup.js in Resources */ = {isa = PBXBuildFile; fileRef = 1A2B3C4D5E6F7890ABCDEF18 /* popup.js */; };
		1A2B3C4D5E6F7890ABCDEF19 /* popup.css in Resources */ = {isa = PBXBuildFile; fileRef = 1A2B3C4D5E6F7890ABCDEF20 /* popup.css */; };
		1A2B3C4D5E6F7890ABCDEF21 /* manifest.json in Resources */ = {isa = PBXBuildFile; fileRef = 1A2B3C4D5E6F7890ABCDEF22 /* manifest.json */; };
/* End PBXBuildFile section */

/* Begin PBXFileReference section */
		1A2B3C4D5E6F7890ABCDEF23 /* ChronicleSync.app */ = {isa = PBXFileReference; explicitFileType = wrapper.application; includeInIndex = 0; path = ChronicleSync.app; sourceTree = BUILT_PRODUCTS_DIR; };
		1A2B3C4D5E6F7890ABCDEF02 /* Assets.xcassets */ = {isa = PBXFileReference; lastKnownFileType = folder.assetcatalog; path = Assets.xcassets; sourceTree = "<group>"; };
		1A2B3C4D5E6F7890ABCDEF04 /* AppDelegate.swift */ = {isa = PBXFileReference; lastKnownFileType = sourcecode.swift; path = AppDelegate.swift; sourceTree = "<group>"; };
		1A2B3C4D5E6F7890ABCDEF06 /* Base */ = {isa = PBXFileReference; lastKnownFileType = file.storyboard; name = Base; path = Base.lproj/Main.storyboard; sourceTree = "<group>"; };
		1A2B3C4D5E6F7890ABCDEF08 /* ViewController.swift */ = {isa = PBXFileReference; lastKnownFileType = sourcecode.swift; path = ViewController.swift; sourceTree = "<group>"; };
		1A2B3C4D5E6F7890ABCDEF24 /* Info.plist */ = {isa = PBXFileReference; lastKnownFileType = text.plist.xml; path = Info.plist; sourceTree = "<group>"; };
		1A2B3C4D5E6F7890ABCDEF25 /* ChronicleSync Extension.appex */ = {isa = PBXFileReference; explicitFileType = "wrapper.app-extension"; includeInIndex = 0; path = "ChronicleSync Extension.appex"; sourceTree = BUILT_PRODUCTS_DIR; };
		1A2B3C4D5E6F7890ABCDEF10 /* SafariWebExtensionHandler.swift */ = {isa = PBXFileReference; lastKnownFileType = sourcecode.swift; path = SafariWebExtensionHandler.swift; sourceTree = "<group>"; };
		1A2B3C4D5E6F7890ABCDEF12 /* background.js */ = {isa = PBXFileReference; lastKnownFileType = sourcecode.javascript; name = background.js; path = Resources/background.js; sourceTree = "<group>"; };
		1A2B3C4D5E6F7890ABCDEF14 /* content-script.js */ = {isa = PBXFileReference; lastKnownFileType = sourcecode.javascript; name = "content-script.js"; path = "Resources/content-script.js"; sourceTree = "<group>"; };
		1A2B3C4D5E6F7890ABCDEF16 /* popup.html */ = {isa = PBXFileReference; lastKnownFileType = text.html; name = popup.html; path = Resources/popup.html; sourceTree = "<group>"; };
		1A2B3C4D5E6F7890ABCDEF18 /* popup.js */ = {isa = PBXFileReference; lastKnownFileType = sourcecode.javascript; name = popup.js; path = Resources/popup.js; sourceTree = "<group>"; };
		1A2B3C4D5E6F7890ABCDEF20 /* popup.css */ = {isa = PBXFileReference; lastKnownFileType = text.css; name = popup.css; path = Resources/popup.css; sourceTree = "<group>"; };
		1A2B3C4D5E6F7890ABCDEF22 /* manifest.json */ = {isa = PBXFileReference; lastKnownFileType = text.json; name = manifest.json; path = Resources/manifest.json; sourceTree = "<group>"; };
		1A2B3C4D5E6F7890ABCDEF26 /* Info.plist */ = {isa = PBXFileReference; lastKnownFileType = text.plist.xml; path = Info.plist; sourceTree = "<group>"; };
/* End PBXFileReference section */

/* Begin PBXGroup section */
		1A2B3C4D5E6F7890ABCDEF27 = {
			isa = PBXGroup;
			children = (
				1A2B3C4D5E6F7890ABCDEF28 /* ChronicleSync */,
				1A2B3C4D5E6F7890ABCDEF29 /* ChronicleSync Extension */,
				1A2B3C4D5E6F7890ABCDEF30 /* Products */,
			);
			sourceTree = "<group>";
		};
		1A2B3C4D5E6F7890ABCDEF30 /* Products */ = {
			isa = PBXGroup;
			children = (
				1A2B3C4D5E6F7890ABCDEF23 /* ChronicleSync.app */,
				1A2B3C4D5E6F7890ABCDEF25 /* ChronicleSync Extension.appex */,
			);
			name = Products;
			sourceTree = "<group>";
		};
		1A2B3C4D5E6F7890ABCDEF28 /* ChronicleSync */ = {
			isa = PBXGroup;
			children = (
				1A2B3C4D5E6F7890ABCDEF04 /* AppDelegate.swift */,
				1A2B3C4D5E6F7890ABCDEF08 /* ViewController.swift */,
				1A2B3C4D5E6F7890ABCDEF06 /* Main.storyboard */,
				1A2B3C4D5E6F7890ABCDEF02 /* Assets.xcassets */,
				1A2B3C4D5E6F7890ABCDEF24 /* Info.plist */,
			);
			path = ChronicleSync;
			sourceTree = "<group>";
		};
		1A2B3C4D5E6F7890ABCDEF29 /* ChronicleSync Extension */ = {
			isa = PBXGroup;
			children = (
				1A2B3C4D5E6F7890ABCDEF10 /* SafariWebExtensionHandler.swift */,
				1A2B3C4D5E6F7890ABCDEF26 /* Info.plist */,
				1A2B3C4D5E6F7890ABCDEF31 /* Resources */,
			);
			path = "ChronicleSync Extension";
			sourceTree = "<group>";
		};
		1A2B3C4D5E6F7890ABCDEF31 /* Resources */ = {
			isa = PBXGroup;
			children = (
				1A2B3C4D5E6F7890ABCDEF12 /* background.js */,
				1A2B3C4D5E6F7890ABCDEF14 /* content-script.js */,
				1A2B3C4D5E6F7890ABCDEF16 /* popup.html */,
				1A2B3C4D5E6F7890ABCDEF18 /* popup.js */,
				1A2B3C4D5E6F7890ABCDEF20 /* popup.css */,
				1A2B3C4D5E6F7890ABCDEF22 /* manifest.json */,
			);
			name = Resources;
			sourceTree = "<group>";
		};
/* End PBXGroup section */

/* Begin PBXNativeTarget section */
		1A2B3C4D5E6F7890ABCDEF32 /* ChronicleSync */ = {
			isa = PBXNativeTarget;
			buildConfigurationList = 1A2B3C4D5E6F7890ABCDEF33 /* Build configuration list for PBXNativeTarget "ChronicleSync" */;
			buildPhases = (
				1A2B3C4D5E6F7890ABCDEF34 /* Sources */,
				1A2B3C4D5E6F7890ABCDEF35 /* Frameworks */,
				1A2B3C4D5E6F7890ABCDEF36 /* Resources */,
				1A2B3C4D5E6F7890ABCDEF37 /* Embed App Extensions */,
			);
			buildRules = (
			);
			dependencies = (
			);
			name = ChronicleSync;
			productName = ChronicleSync;
			productReference = 1A2B3C4D5E6F7890ABCDEF23 /* ChronicleSync.app */;
			productType = "com.apple.product-type.application";
		};
		1A2B3C4D5E6F7890ABCDEF38 /* ChronicleSync Extension */ = {
			isa = PBXNativeTarget;
			buildConfigurationList = 1A2B3C4D5E6F7890ABCDEF39 /* Build configuration list for PBXNativeTarget "ChronicleSync Extension" */;
			buildPhases = (
				1A2B3C4D5E6F7890ABCDEF40 /* Sources */,
				1A2B3C4D5E6F7890ABCDEF41 /* Frameworks */,
				1A2B3C4D5E6F7890ABCDEF42 /* Resources */,
			);
			buildRules = (
			);
			dependencies = (
			);
			name = "ChronicleSync Extension";
			productName = "ChronicleSync Extension";
			productReference = 1A2B3C4D5E6F7890ABCDEF25 /* ChronicleSync Extension.appex */;
			productType = "com.apple.product-type.app-extension";
		};
/* End PBXNativeTarget section */

/* Begin PBXProject section */
		1A2B3C4D5E6F7890ABCDEF43 /* Project object */ = {
			isa = PBXProject;
			attributes = {
				BuildIndependentTargetsInParallel = 1;
				LastSwiftUpdateCheck = 1500;
				LastUpgradeCheck = 1500;
				TargetAttributes = {
					1A2B3C4D5E6F7890ABCDEF32 = {
						CreatedOnToolsVersion = 15.0;
					};
					1A2B3C4D5E6F7890ABCDEF38 = {
						CreatedOnToolsVersion = 15.0;
					};
				};
			};
			buildConfigurationList = 1A2B3C4D5E6F7890ABCDEF44 /* Build configuration list for PBXProject "ChronicleSync" */;
			compatibilityVersion = "Xcode 14.0";
			developmentRegion = en;
			hasScannedForEncodings = 0;
			knownRegions = (
				en,
				Base,
			);
			mainGroup = 1A2B3C4D5E6F7890ABCDEF27;
			productRefGroup = 1A2B3C4D5E6F7890ABCDEF30 /* Products */;
			projectDirPath = "";
			projectRoot = "";
			targets = (
				1A2B3C4D5E6F7890ABCDEF32 /* ChronicleSync */,
				1A2B3C4D5E6F7890ABCDEF38 /* ChronicleSync Extension */,
			);
		};
/* End PBXProject section */

/* Begin PBXResourcesBuildPhase section */
		1A2B3C4D5E6F7890ABCDEF36 /* Resources */ = {
			isa = PBXResourcesBuildPhase;
			buildActionMask = 2147483647;
			files = (
				1A2B3C4D5E6F7890ABCDEF01 /* Assets.xcassets in Resources */,
				1A2B3C4D5E6F7890ABCDEF05 /* Main.storyboard in Resources */,
			);
			runOnlyForDeploymentPostprocessing = 0;
		};
		1A2B3C4D5E6F7890ABCDEF42 /* Resources */ = {
			isa = PBXResourcesBuildPhase;
			buildActionMask = 2147483647;
			files = (
				1A2B3C4D5E6F7890ABCDEF11 /* background.js in Resources */,
				1A2B3C4D5E6F7890ABCDEF17 /* popup.js in Resources */,
				1A2B3C4D5E6F7890ABCDEF15 /* popup.html in Resources */,
				1A2B3C4D5E6F7890ABCDEF19 /* popup.css in Resources */,
				1A2B3C4D5E6F7890ABCDEF13 /* content-script.js in Resources */,
				1A2B3C4D5E6F7890ABCDEF21 /* manifest.json in Resources */,
			);
			runOnlyForDeploymentPostprocessing = 0;
		};
/* End PBXResourcesBuildPhase section */

/* Begin PBXSourcesBuildPhase section */
		1A2B3C4D5E6F7890ABCDEF34 /* Sources */ = {
			isa = PBXSourcesBuildPhase;
			buildActionMask = 2147483647;
			files = (
				1A2B3C4D5E6F7890ABCDEF07 /* ViewController.swift in Sources */,
				1A2B3C4D5E6F7890ABCDEF03 /* AppDelegate.swift in Sources */,
			);
			runOnlyForDeploymentPostprocessing = 0;
		};
		1A2B3C4D5E6F7890ABCDEF40 /* Sources */ = {
			isa = PBXSourcesBuildPhase;
			buildActionMask = 2147483647;
			files = (
				1A2B3C4D5E6F7890ABCDEF09 /* SafariWebExtensionHandler.swift in Sources */,
			);
			runOnlyForDeploymentPostprocessing = 0;
		};
/* End PBXSourcesBuildPhase section */

/* Begin XCBuildConfiguration section */
		1A2B3C4D5E6F7890ABCDEF45 /* Debug */ = {
			isa = XCBuildConfiguration;
			buildSettings = {
				ALWAYS_SEARCH_USER_PATHS = NO;
				ASSETCATALOG_COMPILER_GENERATE_SWIFT_ASSET_SYMBOL_EXTENSIONS = YES;
				CLANG_ANALYZER_NONNULL = YES;
				CLANG_ANALYZER_NUMBER_OBJECT_CONVERSION = YES_AGGRESSIVE;
				CLANG_CXX_LANGUAGE_STANDARD = "gnu++20";
				CLANG_ENABLE_MODULES = YES;
				CLANG_ENABLE_OBJC_ARC = YES;
				CLANG_ENABLE_OBJC_WEAK = YES;
				CLANG_WARN_BLOCK_CAPTURE_AUTORELEASING = YES;
				CLANG_WARN_BOOL_CONVERSION = YES;
				CLANG_WARN_COMMA = YES;
				CLANG_WARN_CONSTANT_CONVERSION = YES;
				CLANG_WARN_DEPRECATED_OBJC_IMPLEMENTATIONS = YES;
				CLANG_WARN_DIRECT_OBJC_ISA_USAGE = YES_ERROR;
				CLANG_WARN_DOCUMENTATION_COMMENTS = YES;
				CLANG_WARN_EMPTY_BODY = YES;
				CLANG_WARN_ENUM_CONVERSION = YES;
				CLANG_WARN_INFINITE_RECURSION = YES;
				CLANG_WARN_INT_CONVERSION = YES;
				CLANG_WARN_NON_LITERAL_NULL_CONVERSION = YES;
				CLANG_WARN_OBJC_IMPLICIT_RETAIN_SELF = YES;
				CLANG_WARN_OBJC_LITERAL_CONVERSION = YES;
				CLANG_WARN_OBJC_ROOT_CLASS = YES_ERROR;
				CLANG_WARN_QUOTED_INCLUDE_IN_FRAMEWORK_HEADER = YES;
				CLANG_WARN_RANGE_LOOP_ANALYSIS = YES;
				CLANG_WARN_STRICT_PROTOTYPES = YES;
				CLANG_WARN_SUSPICIOUS_MOVE = YES;
				CLANG_WARN_UNGUARDED_AVAILABILITY = YES_AGGRESSIVE;
				CLANG_WARN_UNREACHABLE_CODE = YES;
				CLANG_WARN__DUPLICATE_METHOD_MATCH = YES;
				COPY_PHASE_STRIP = NO;
				DEBUG_INFORMATION_FORMAT = dwarf;
				ENABLE_STRICT_OBJC_MSGSEND = YES;
				ENABLE_TESTABILITY = YES;
				ENABLE_USER_SCRIPT_SANDBOXING = YES;
				GCC_C_LANGUAGE_STANDARD = gnu17;
				GCC_DYNAMIC_NO_PIC = NO;
				GCC_NO_COMMON_BLOCKS = YES;
				GCC_OPTIMIZATION_LEVEL = 0;
				GCC_PREPROCESSOR_DEFINITIONS = (
					"DEBUG=1",
					"$(inherited)",
				);
				GCC_WARN_64_TO_32_BIT_CONVERSION = YES;
				GCC_WARN_ABOUT_RETURN_TYPE = YES_ERROR;
				GCC_WARN_UNDECLARED_SELECTOR = YES;
				GCC_WARN_UNINITIALIZED_AUTOS = YES_AGGRESSIVE;
				GCC_WARN_UNUSED_FUNCTION = YES;
				GCC_WARN_UNUSED_VARIABLE = YES;
				IPHONEOS_DEPLOYMENT_TARGET = 17.0;
				LOCALIZATION_PREFERS_STRING_CATALOGS = YES;
				MTL_ENABLE_DEBUG_INFO = INCLUDE_SOURCE;
				MTL_FAST_MATH = YES;
				ONLY_ACTIVE_ARCH = YES;
				SDKROOT = iphoneos;
				SWIFT_ACTIVE_COMPILATION_CONDITIONS = "DEBUG $(inherited)";
				SWIFT_OPTIMIZATION_LEVEL = "-Onone";
			};
			name = Debug;
		};
		1A2B3C4D5E6F7890ABCDEF46 /* Release */ = {
			isa = XCBuildConfiguration;
			buildSettings = {
				ALWAYS_SEARCH_USER_PATHS = NO;
				ASSETCATALOG_COMPILER_GENERATE_SWIFT_ASSET_SYMBOL_EXTENSIONS = YES;
				CLANG_ANALYZER_NONNULL = YES;
				CLANG_ANALYZER_NUMBER_OBJECT_CONVERSION = YES_AGGRESSIVE;
				CLANG_CXX_LANGUAGE_STANDARD = "gnu++20";
				CLANG_ENABLE_MODULES = YES;
				CLANG_ENABLE_OBJC_ARC = YES;
				CLANG_ENABLE_OBJC_WEAK = YES;
				CLANG_WARN_BLOCK_CAPTURE_AUTORELEASING = YES;
				CLANG_WARN_BOOL_CONVERSION = YES;
				CLANG_WARN_COMMA = YES;
				CLANG_WARN_CONSTANT_CONVERSION = YES;
				CLANG_WARN_DEPRECATED_OBJC_IMPLEMENTATIONS = YES;
				CLANG_WARN_DIRECT_OBJC_ISA_USAGE = YES_ERROR;
				CLANG_WARN_DOCUMENTATION_COMMENTS = YES;
				CLANG_WARN_EMPTY_BODY = YES;
				CLANG_WARN_ENUM_CONVERSION = YES;
				CLANG_WARN_INFINITE_RECURSION = YES;
				CLANG_WARN_INT_CONVERSION = YES;
				CLANG_WARN_NON_LITERAL_NULL_CONVERSION = YES;
				CLANG_WARN_OBJC_IMPLICIT_RETAIN_SELF = YES;
				CLANG_WARN_OBJC_LITERAL_CONVERSION = YES;
				CLANG_WARN_OBJC_ROOT_CLASS = YES_ERROR;
				CLANG_WARN_QUOTED_INCLUDE_IN_FRAMEWORK_HEADER = YES;
				CLANG_WARN_RANGE_LOOP_ANALYSIS = YES;
				CLANG_WARN_STRICT_PROTOTYPES = YES;
				CLANG_WARN_SUSPICIOUS_MOVE = YES;
				CLANG_WARN_UNGUARDED_AVAILABILITY = YES_AGGRESSIVE;
				CLANG_WARN_UNREACHABLE_CODE = YES;
				CLANG_WARN__DUPLICATE_METHOD_MATCH = YES;
				COPY_PHASE_STRIP = NO;
				DEBUG_INFORMATION_FORMAT = "dwarf-with-dsym";
				ENABLE_NS_ASSERTIONS = NO;
				ENABLE_STRICT_OBJC_MSGSEND = YES;
				ENABLE_USER_SCRIPT_SANDBOXING = YES;
				GCC_C_LANGUAGE_STANDARD = gnu17;
				GCC_NO_COMMON_BLOCKS = YES;
				GCC_WARN_64_TO_32_BIT_CONVERSION = YES;
				GCC_WARN_ABOUT_RETURN_TYPE = YES_ERROR;
				GCC_WARN_UNDECLARED_SELECTOR = YES;
				GCC_WARN_UNINITIALIZED_AUTOS = YES_AGGRESSIVE;
				GCC_WARN_UNUSED_FUNCTION = YES;
				GCC_WARN_UNUSED_VARIABLE = YES;
				IPHONEOS_DEPLOYMENT_TARGET = 17.0;
				LOCALIZATION_PREFERS_STRING_CATALOGS = YES;
				MTL_ENABLE_DEBUG_INFO = NO;
				MTL_FAST_MATH = YES;
				SDKROOT = iphoneos;
				SWIFT_COMPILATION_MODE = wholemodule;
				VALIDATE_PRODUCT = YES;
			};
			name = Release;
		};
		1A2B3C4D5E6F7890ABCDEF47 /* Debug */ = {
			isa = XCBuildConfiguration;
			buildSettings = {
				ASSETCATALOG_COMPILER_APPICON_NAME = AppIcon;
				ASSETCATALOG_COMPILER_GLOBAL_ACCENT_COLOR_NAME = AccentColor;
				CODE_SIGN_STYLE = Automatic;
				CURRENT_PROJECT_VERSION = 1;
				GENERATE_INFOPLIST_FILE = YES;
				INFOPLIST_FILE = ChronicleSync/Info.plist;
				INFOPLIST_KEY_CFBundleDisplayName = ChronicleSync;
				INFOPLIST_KEY_UIApplicationSupportsIndirectInputEvents = YES;
				INFOPLIST_KEY_UILaunchStoryboardName = LaunchScreen;
				INFOPLIST_KEY_UIMainStoryboardFile = Main;
				INFOPLIST_KEY_UISupportedInterfaceOrientations_iPad = "UIInterfaceOrientationPortrait UIInterfaceOrientationPortraitUpsideDown UIInterfaceOrientationLandscapeLeft UIInterfaceOrientationLandscapeRight";
				INFOPLIST_KEY_UISupportedInterfaceOrientations_iPhone = "UIInterfaceOrientationPortrait UIInterfaceOrientationLandscapeLeft UIInterfaceOrientationLandscapeRight";
				LD_RUNPATH_SEARCH_PATHS = (
					"$(inherited)",
					"@executable_path/Frameworks",
				);
				MARKETING_VERSION = 1.0;
				PRODUCT_BUNDLE_IDENTIFIER = xyz.chroniclesync.ChronicleSync;
				PRODUCT_NAME = "$(TARGET_NAME)";
				SWIFT_EMIT_LOC_STRINGS = YES;
				SWIFT_VERSION = 5.0;
				TARGETED_DEVICE_FAMILY = "1,2";
			};
			name = Debug;
		};
		1A2B3C4D5E6F7890ABCDEF48 /* Release */ = {
			isa = XCBuildConfiguration;
			buildSettings = {
				ASSETCATALOG_COMPILER_APPICON_NAME = AppIcon;
				ASSETCATALOG_COMPILER_GLOBAL_ACCENT_COLOR_NAME = AccentColor;
				CODE_SIGN_STYLE = Automatic;
				CURRENT_PROJECT_VERSION = 1;
				GENERATE_INFOPLIST_FILE = YES;
				INFOPLIST_FILE = ChronicleSync/Info.plist;
				INFOPLIST_KEY_CFBundleDisplayName = ChronicleSync;
				INFOPLIST_KEY_UIApplicationSupportsIndirectInputEvents = YES;
				INFOPLIST_KEY_UILaunchStoryboardName = LaunchScreen;
				INFOPLIST_KEY_UIMainStoryboardFile = Main;
				INFOPLIST_KEY_UISupportedInterfaceOrientations_iPad = "UIInterfaceOrientationPortrait UIInterfaceOrientationPortraitUpsideDown UIInterfaceOrientationLandscapeLeft UIInterfaceOrientationLandscapeRight";
				INFOPLIST_KEY_UISupportedInterfaceOrientations_iPhone = "UIInterfaceOrientationPortrait UIInterfaceOrientationLandscapeLeft UIInterfaceOrientationLandscapeRight";
				LD_RUNPATH_SEARCH_PATHS = (
					"$(inherited)",
					"@executable_path/Frameworks",
				);
				MARKETING_VERSION = 1.0;
				PRODUCT_BUNDLE_IDENTIFIER = xyz.chroniclesync.ChronicleSync;
				PRODUCT_NAME = "$(TARGET_NAME)";
				SWIFT_EMIT_LOC_STRINGS = YES;
				SWIFT_VERSION = 5.0;
				TARGETED_DEVICE_FAMILY = "1,2";
			};
			name = Release;
		};
		1A2B3C4D5E6F7890ABCDEF49 /* Debug */ = {
			isa = XCBuildConfiguration;
			buildSettings = {
				CODE_SIGN_STYLE = Automatic;
				CURRENT_PROJECT_VERSION = 1;
				GENERATE_INFOPLIST_FILE = YES;
				INFOPLIST_FILE = "ChronicleSync Extension/Info.plist";
				INFOPLIST_KEY_CFBundleDisplayName = "ChronicleSync Extension";
				INFOPLIST_KEY_NSHumanReadableCopyright = "";
				LD_RUNPATH_SEARCH_PATHS = (
					"$(inherited)",
					"@executable_path/Frameworks",
					"@executable_path/../../Frameworks",
				);
				MARKETING_VERSION = 1.0;
				PRODUCT_BUNDLE_IDENTIFIER = xyz.chroniclesync.ChronicleSync.Extension;
				PRODUCT_NAME = "$(TARGET_NAME)";
				SKIP_INSTALL = YES;
				SWIFT_EMIT_LOC_STRINGS = YES;
				SWIFT_VERSION = 5.0;
				TARGETED_DEVICE_FAMILY = "1,2";
			};
			name = Debug;
		};
		1A2B3C4D5E6F7890ABCDEF50 /* Release */ = {
			isa = XCBuildConfiguration;
			buildSettings = {
				CODE_SIGN_STYLE = Automatic;
				CURRENT_PROJECT_VERSION = 1;
				GENERATE_INFOPLIST_FILE = YES;
				INFOPLIST_FILE = "ChronicleSync Extension/Info.plist";
				INFOPLIST_KEY_CFBundleDisplayName = "ChronicleSync Extension";
				INFOPLIST_KEY_NSHumanReadableCopyright = "";
				LD_RUNPATH_SEARCH_PATHS = (
					"$(inherited)",
					"@executable_path/Frameworks",
					"@executable_path/../../Frameworks",
				);
				MARKETING_VERSION = 1.0;
				PRODUCT_BUNDLE_IDENTIFIER = xyz.chroniclesync.ChronicleSync.Extension;
				PRODUCT_NAME = "$(TARGET_NAME)";
				SKIP_INSTALL = YES;
				SWIFT_EMIT_LOC_STRINGS = YES;
				SWIFT_VERSION = 5.0;
				TARGETED_DEVICE_FAMILY = "1,2";
			};
			name = Release;
		};
/* End XCBuildConfiguration section */

/* Begin XCConfigurationList section */
		1A2B3C4D5E6F7890ABCDEF44 /* Build configuration list for PBXProject "ChronicleSync" */ = {
			isa = XCConfigurationList;
			buildConfigurations = (
				1A2B3C4D5E6F7890ABCDEF45 /* Debug */,
				1A2B3C4D5E6F7890ABCDEF46 /* Release */,
			);
			defaultConfigurationIsVisible = 0;
			defaultConfigurationName = Release;
		};
		1A2B3C4D5E6F7890ABCDEF33 /* Build configuration list for PBXNativeTarget "ChronicleSync" */ = {
			isa = XCConfigurationList;
			buildConfigurations = (
				1A2B3C4D5E6F7890ABCDEF47 /* Debug */,
				1A2B3C4D5E6F7890ABCDEF48 /* Release */,
			);
			defaultConfigurationIsVisible = 0;
			defaultConfigurationName = Release;
		};
		1A2B3C4D5E6F7890ABCDEF39 /* Build configuration list for PBXNativeTarget "ChronicleSync Extension" */ = {
			isa = XCConfigurationList;
			buildConfigurations = (
				1A2B3C4D5E6F7890ABCDEF49 /* Debug */,
				1A2B3C4D5E6F7890ABCDEF50 /* Release */,
			);
			defaultConfigurationIsVisible = 0;
			defaultConfigurationName = Release;
		};
/* End XCConfigurationList section */
	};
	rootObject = 1A2B3C4D5E6F7890ABCDEF43 /* Project object */;
}