// !$*UTF8*$!
{
	archiveVersion = 1;
	classes = {
	};
	objectVersion = 56;
	objects = {

/* Begin PBXBuildFile section */
		A1A1A1A100001001 /* AppDelegate.swift in Sources */ = {isa = PBXBuildFile; fileRef = A1A1A1A100001002 /* AppDelegate.swift */; };
		A1A1A1A100001003 /* SceneDelegate.swift in Sources */ = {isa = PBXBuildFile; fileRef = A1A1A1A100001004 /* SceneDelegate.swift */; };
		A1A1A1A100001005 /* ViewController.swift in Sources */ = {isa = PBXBuildFile; fileRef = A1A1A1A100001006 /* ViewController.swift */; };
		A1A1A1A100001007 /* Main.storyboard in Resources */ = {isa = PBXBuildFile; fileRef = A1A1A1A100001008 /* Main.storyboard */; };
		A1A1A1A100001009 /* Assets.xcassets in Resources */ = {isa = PBXBuildFile; fileRef = A1A1A1A10000100A /* Assets.xcassets */; };
		A1A1A1A10000100B /* LaunchScreen.storyboard in Resources */ = {isa = PBXBuildFile; fileRef = A1A1A1A10000100C /* LaunchScreen.storyboard */; };
		A1A1A1A10000100D /* SettingsViewController.swift in Sources */ = {isa = PBXBuildFile; fileRef = A1A1A1A10000100E /* SettingsViewController.swift */; };
		A1A1A1A10000100F /* SafariWebExtensionHandler.swift in Sources */ = {isa = PBXBuildFile; fileRef = A1A1A1A100001010 /* SafariWebExtensionHandler.swift */; };
		A1A1A1A100001011 /* background.js in Resources */ = {isa = PBXBuildFile; fileRef = A1A1A1A100001012 /* background.js */; };
		A1A1A1A100001013 /* content-script.js in Resources */ = {isa = PBXBuildFile; fileRef = A1A1A1A100001014 /* content-script.js */; };
		A1A1A1A100001015 /* popup.html in Resources */ = {isa = PBXBuildFile; fileRef = A1A1A1A100001016 /* popup.html */; };
		A1A1A1A100001017 /* popup.js in Resources */ = {isa = PBXBuildFile; fileRef = A1A1A1A100001018 /* popup.js */; };
		A1A1A1A100001019 /* manifest.json in Resources */ = {isa = PBXBuildFile; fileRef = A1A1A1A10000101A /* manifest.json */; };
		A1A1A1A10000101B /* browser-polyfill.js in Resources */ = {isa = PBXBuildFile; fileRef = A1A1A1A10000101C /* browser-polyfill.js */; };
		A1A1A1A10000101D /* settings.html in Resources */ = {isa = PBXBuildFile; fileRef = A1A1A1A10000101E /* settings.html */; };
		A1A1A1A10000101F /* history.html in Resources */ = {isa = PBXBuildFile; fileRef = A1A1A1A100001020 /* history.html */; };
		A1A1A1A100001021 /* ChronicleSync-Extension.appex in Embed App Extensions */ = {isa = PBXBuildFile; fileRef = A1A1A1A100001022 /* ChronicleSync-Extension.appex */; settings = {ATTRIBUTES = (RemoveHeadersOnCopy, ); }; };
/* End PBXBuildFile section */

/* Begin PBXContainerItemProxy section */
		A1A1A1A100001023 /* PBXContainerItemProxy */ = {
			isa = PBXContainerItemProxy;
			containerPortal = A1A1A1A100001024 /* Project object */;
			proxyType = 1;
			remoteGlobalIDString = A1A1A1A100001025;
			remoteInfo = "ChronicleSync-Extension";
		};
/* End PBXContainerItemProxy section */

/* Begin PBXCopyFilesBuildPhase section */
		A1A1A1A100001026 /* Embed App Extensions */ = {
			isa = PBXCopyFilesBuildPhase;
			buildActionMask = 2147483647;
			dstPath = "";
			dstSubfolderSpec = 13;
			files = (
				A1A1A1A100001021 /* ChronicleSync-Extension.appex in Embed App Extensions */,
			);
			name = "Embed App Extensions";
			runOnlyForDeploymentPostprocessing = 0;
		};
/* End PBXCopyFilesBuildPhase section */

/* Begin PBXFileReference section */
		A1A1A1A100001027 /* ChronicleSync-iOS.app */ = {isa = PBXFileReference; explicitFileType = wrapper.application; includeInIndex = 0; path = "ChronicleSync-iOS.app"; sourceTree = BUILT_PRODUCTS_DIR; };
		A1A1A1A100001002 /* AppDelegate.swift */ = {isa = PBXFileReference; lastKnownFileType = sourcecode.swift; path = AppDelegate.swift; sourceTree = "<group>"; };
		A1A1A1A100001004 /* SceneDelegate.swift */ = {isa = PBXFileReference; lastKnownFileType = sourcecode.swift; path = SceneDelegate.swift; sourceTree = "<group>"; };
		A1A1A1A100001006 /* ViewController.swift */ = {isa = PBXFileReference; lastKnownFileType = sourcecode.swift; path = ViewController.swift; sourceTree = "<group>"; };
		A1A1A1A100001008 /* Base */ = {isa = PBXFileReference; lastKnownFileType = file.storyboard; name = Base; path = Base.lproj/Main.storyboard; sourceTree = "<group>"; };
		A1A1A1A10000100A /* Assets.xcassets */ = {isa = PBXFileReference; lastKnownFileType = folder.assetcatalog; path = Assets.xcassets; sourceTree = "<group>"; };
		A1A1A1A10000100C /* Base */ = {isa = PBXFileReference; lastKnownFileType = file.storyboard; name = Base; path = Base.lproj/LaunchScreen.storyboard; sourceTree = "<group>"; };
		A1A1A1A10000100E /* SettingsViewController.swift */ = {isa = PBXFileReference; lastKnownFileType = sourcecode.swift; path = SettingsViewController.swift; sourceTree = "<group>"; };
		A1A1A1A100001022 /* ChronicleSync-Extension.appex */ = {isa = PBXFileReference; explicitFileType = "wrapper.app-extension"; includeInIndex = 0; path = "ChronicleSync-Extension.appex"; sourceTree = BUILT_PRODUCTS_DIR; };
		A1A1A1A100001010 /* SafariWebExtensionHandler.swift */ = {isa = PBXFileReference; lastKnownFileType = sourcecode.swift; path = SafariWebExtensionHandler.swift; sourceTree = "<group>"; };
		A1A1A1A100001012 /* background.js */ = {isa = PBXFileReference; lastKnownFileType = sourcecode.javascript; path = background.js; sourceTree = "<group>"; };
		A1A1A1A100001014 /* content-script.js */ = {isa = PBXFileReference; lastKnownFileType = sourcecode.javascript; path = "content-script.js"; sourceTree = "<group>"; };
		A1A1A1A100001016 /* popup.html */ = {isa = PBXFileReference; lastKnownFileType = text.html; path = popup.html; sourceTree = "<group>"; };
		A1A1A1A100001018 /* popup.js */ = {isa = PBXFileReference; lastKnownFileType = sourcecode.javascript; path = popup.js; sourceTree = "<group>"; };
		A1A1A1A10000101A /* manifest.json */ = {isa = PBXFileReference; lastKnownFileType = text.json; path = manifest.json; sourceTree = "<group>"; };
		A1A1A1A10000101C /* browser-polyfill.js */ = {isa = PBXFileReference; lastKnownFileType = sourcecode.javascript; path = "browser-polyfill.js"; sourceTree = "<group>"; };
		A1A1A1A10000101E /* settings.html */ = {isa = PBXFileReference; lastKnownFileType = text.html; path = settings.html; sourceTree = "<group>"; };
		A1A1A1A100001020 /* history.html */ = {isa = PBXFileReference; lastKnownFileType = text.html; path = history.html; sourceTree = "<group>"; };
		A1A1A1A100001028 /* Info.plist */ = {isa = PBXFileReference; lastKnownFileType = text.plist.xml; path = Info.plist; sourceTree = "<group>"; };
		A1A1A1A100001029 /* Info-Extension.plist */ = {isa = PBXFileReference; lastKnownFileType = text.plist.xml; path = "Info-Extension.plist"; sourceTree = "<group>"; };
/* End PBXFileReference section */

/* Begin PBXFrameworksBuildPhase section */
		A1A1A1A10000102A /* Frameworks */ = {
			isa = PBXFrameworksBuildPhase;
			buildActionMask = 2147483647;
			files = (
			);
			runOnlyForDeploymentPostprocessing = 0;
		};
		A1A1A1A10000102B /* Frameworks */ = {
			isa = PBXFrameworksBuildPhase;
			buildActionMask = 2147483647;
			files = (
			);
			runOnlyForDeploymentPostprocessing = 0;
		};
/* End PBXFrameworksBuildPhase section */

/* Begin PBXGroup section */
		A1A1A1A10000102C = {
			isa = PBXGroup;
			children = (
				A1A1A1A10000102D /* ChronicleSync-iOS */,
				A1A1A1A10000102E /* ChronicleSync-Extension */,
				A1A1A1A10000102F /* Products */,
			);
			sourceTree = "<group>";
		};
		A1A1A1A10000102F /* Products */ = {
			isa = PBXGroup;
			children = (
				A1A1A1A100001027 /* ChronicleSync-iOS.app */,
				A1A1A1A100001022 /* ChronicleSync-Extension.appex */,
			);
			name = Products;
			sourceTree = "<group>";
		};
		A1A1A1A10000102D /* ChronicleSync-iOS */ = {
			isa = PBXGroup;
			children = (
				A1A1A1A100001030 /* Controllers */,
				A1A1A1A100001031 /* Resources */,
				A1A1A1A100001002 /* AppDelegate.swift */,
				A1A1A1A100001004 /* SceneDelegate.swift */,
				A1A1A1A100001008 /* Main.storyboard */,
				A1A1A1A10000100C /* LaunchScreen.storyboard */,
				A1A1A1A100001028 /* Info.plist */,
			);
			path = "ChronicleSync-iOS";
			sourceTree = "<group>";
		};
		A1A1A1A10000102E /* ChronicleSync-Extension */ = {
			isa = PBXGroup;
			children = (
				A1A1A1A100001032 /* Resources */,
				A1A1A1A100001010 /* SafariWebExtensionHandler.swift */,
				A1A1A1A100001029 /* Info-Extension.plist */,
			);
			path = "ChronicleSync-Extension";
			sourceTree = "<group>";
		};
		A1A1A1A100001030 /* Controllers */ = {
			isa = PBXGroup;
			children = (
				A1A1A1A100001006 /* ViewController.swift */,
				A1A1A1A10000100E /* SettingsViewController.swift */,
			);
			path = Controllers;
			sourceTree = "<group>";
		};
		A1A1A1A100001031 /* Resources */ = {
			isa = PBXGroup;
			children = (
				A1A1A1A10000100A /* Assets.xcassets */,
			);
			path = Resources;
			sourceTree = "<group>";
		};
		A1A1A1A100001032 /* Resources */ = {
			isa = PBXGroup;
			children = (
				A1A1A1A100001012 /* background.js */,
				A1A1A1A100001014 /* content-script.js */,
				A1A1A1A100001016 /* popup.html */,
				A1A1A1A100001018 /* popup.js */,
				A1A1A1A10000101A /* manifest.json */,
				A1A1A1A10000101C /* browser-polyfill.js */,
				A1A1A1A10000101E /* settings.html */,
				A1A1A1A100001020 /* history.html */,
			);
			path = Resources;
			sourceTree = "<group>";
		};
/* End PBXGroup section */

/* Begin PBXNativeTarget section */
		A1A1A1A100001033 /* ChronicleSync-iOS */ = {
			isa = PBXNativeTarget;
			buildConfigurationList = A1A1A1A100001034 /* Build configuration list for PBXNativeTarget "ChronicleSync-iOS" */;
			buildPhases = (
				A1A1A1A10000102A /* Frameworks */,
				A1A1A1A100001035 /* Sources */,
				A1A1A1A100001036 /* Resources */,
				A1A1A1A100001026 /* Embed App Extensions */,
			);
			buildRules = (
			);
			dependencies = (
				A1A1A1A100001037 /* PBXTargetDependency */,
			);
			name = "ChronicleSync-iOS";
			productName = "ChronicleSync-iOS";
			productReference = A1A1A1A100001027 /* ChronicleSync-iOS.app */;
			productType = "com.apple.product-type.application";
		};
		A1A1A1A100001025 /* ChronicleSync-Extension */ = {
			isa = PBXNativeTarget;
			buildConfigurationList = A1A1A1A100001038 /* Build configuration list for PBXNativeTarget "ChronicleSync-Extension" */;
			buildPhases = (
				A1A1A1A10000102B /* Frameworks */,
				A1A1A1A100001039 /* Sources */,
				A1A1A1A10000103A /* Resources */,
			);
			buildRules = (
			);
			dependencies = (
			);
			name = "ChronicleSync-Extension";
			productName = "ChronicleSync-Extension";
			productReference = A1A1A1A100001022 /* ChronicleSync-Extension.appex */;
			productType = "com.apple.product-type.app-extension";
		};
/* End PBXNativeTarget section */

/* Begin PBXProject section */
		A1A1A1A100001024 /* Project object */ = {
			isa = PBXProject;
			attributes = {
				BuildIndependentTargetsInParallel = 1;
				LastSwiftUpdateCheck = 1500;
				LastUpgradeCheck = 1500;
				TargetAttributes = {
					A1A1A1A100001033 = {
						CreatedOnToolsVersion = 15.0;
					};
					A1A1A1A100001025 = {
						CreatedOnToolsVersion = 15.0;
					};
				};
			};
			buildConfigurationList = A1A1A1A10000103B /* Build configuration list for PBXProject "ChronicleSync-iOS" */;
			compatibilityVersion = "Xcode 14.0";
			developmentRegion = en;
			hasScannedForEncodings = 0;
			knownRegions = (
				en,
				Base,
			);
			mainGroup = A1A1A1A10000102C;
			productRefGroup = A1A1A1A10000102F /* Products */;
			projectDirPath = "";
			projectRoot = "";
			targets = (
				A1A1A1A100001033 /* ChronicleSync-iOS */,
				A1A1A1A100001025 /* ChronicleSync-Extension */,
			);
		};
/* End PBXProject section */

/* Begin PBXResourcesBuildPhase section */
		A1A1A1A100001036 /* Resources */ = {
			isa = PBXResourcesBuildPhase;
			buildActionMask = 2147483647;
			files = (
				A1A1A1A10000100B /* LaunchScreen.storyboard in Resources */,
				A1A1A1A100001009 /* Assets.xcassets in Resources */,
				A1A1A1A100001007 /* Main.storyboard in Resources */,
			);
			runOnlyForDeploymentPostprocessing = 0;
		};
		A1A1A1A10000103A /* Resources */ = {
			isa = PBXResourcesBuildPhase;
			buildActionMask = 2147483647;
			files = (
				A1A1A1A100001011 /* background.js in Resources */,
				A1A1A1A100001015 /* popup.html in Resources */,
				A1A1A1A100001017 /* popup.js in Resources */,
				A1A1A1A10000101B /* browser-polyfill.js in Resources */,
				A1A1A1A10000101D /* settings.html in Resources */,
				A1A1A1A10000101F /* history.html in Resources */,
				A1A1A1A100001019 /* manifest.json in Resources */,
				A1A1A1A100001013 /* content-script.js in Resources */,
			);
			runOnlyForDeploymentPostprocessing = 0;
		};
/* End PBXResourcesBuildPhase section */

/* Begin PBXSourcesBuildPhase section */
		A1A1A1A100001035 /* Sources */ = {
			isa = PBXSourcesBuildPhase;
			buildActionMask = 2147483647;
			files = (
				A1A1A1A100001005 /* ViewController.swift in Sources */,
				A1A1A1A100001001 /* AppDelegate.swift in Sources */,
				A1A1A1A10000100D /* SettingsViewController.swift in Sources */,
				A1A1A1A100001003 /* SceneDelegate.swift in Sources */,
			);
			runOnlyForDeploymentPostprocessing = 0;
		};
		A1A1A1A100001039 /* Sources */ = {
			isa = PBXSourcesBuildPhase;
			buildActionMask = 2147483647;
			files = (
				A1A1A1A10000100F /* SafariWebExtensionHandler.swift in Sources */,
			);
			runOnlyForDeploymentPostprocessing = 0;
		};
/* End PBXSourcesBuildPhase section */

/* Begin PBXTargetDependency section */
		A1A1A1A100001037 /* PBXTargetDependency */ = {
			isa = PBXTargetDependency;
			target = A1A1A1A100001025 /* ChronicleSync-Extension */;
			targetProxy = A1A1A1A100001023 /* PBXContainerItemProxy */;
		};
/* End PBXTargetDependency section */

/* Begin PBXVariantGroup section */
		A1A1A1A100001008 /* Main.storyboard */ = {
			isa = PBXVariantGroup;
			children = (
				A1A1A1A100001008 /* Base */,
			);
			name = Main.storyboard;
			sourceTree = "<group>";
		};
		A1A1A1A10000100C /* LaunchScreen.storyboard */ = {
			isa = PBXVariantGroup;
			children = (
				A1A1A1A10000100C /* Base */,
			);
			name = LaunchScreen.storyboard;
			sourceTree = "<group>";
		};
/* End PBXVariantGroup section */

/* Begin XCBuildConfiguration section */
		A1A1A1A10000103C /* Debug */ = {
			isa = XCBuildConfiguration;
			buildSettings = {
				ALWAYS_SEARCH_USER_PATHS = NO;
				CLANG_ANALYZER_NONNULL = YES;
				CLANG_ANALYZER_NUMBER_OBJECT_CONVERSION = YES_AGGRESSIVE;
				CLANG_CXX_LANGUAGE_STANDARD = "gnu++20";
				CLANG_ENABLE_MODULES = YES;
				CLANG_ENABLE_OBJC_ARC = YES;
				CLANG_ENABLE_OBJC_WEAK = YES;
				CLANG_WARN_BLOCK_CAPTURE_AUTORELEASING = YES;
				CLANG_WARN_BOOL_CONVERSION = YES;
				CLANG_WARN_COMMA = YES;
				CLANG_WARN_CONSTANT_CONVERSION = YES;
				CLANG_WARN_DEPRECATED_OBJC_IMPLEMENTATIONS = YES;
				CLANG_WARN_DIRECT_OBJC_ISA_USAGE = YES_ERROR;
				CLANG_WARN_DOCUMENTATION_COMMENTS = YES;
				CLANG_WARN_EMPTY_BODY = YES;
				CLANG_WARN_ENUM_CONVERSION = YES;
				CLANG_WARN_INFINITE_RECURSION = YES;
				CLANG_WARN_INT_CONVERSION = YES;
				CLANG_WARN_NON_LITERAL_NULL_CONVERSION = YES;
				CLANG_WARN_OBJC_IMPLICIT_RETAIN_SELF = YES;
				CLANG_WARN_OBJC_LITERAL_CONVERSION = YES;
				CLANG_WARN_OBJC_ROOT_CLASS = YES_ERROR;
				CLANG_WARN_QUOTED_INCLUDE_IN_FRAMEWORK_HEADER = YES;
				CLANG_WARN_RANGE_LOOP_ANALYSIS = YES;
				CLANG_WARN_STRICT_PROTOTYPES = YES;
				CLANG_WARN_SUSPICIOUS_MOVE = YES;
				CLANG_WARN_UNGUARDED_AVAILABILITY = YES_AGGRESSIVE;
				CLANG_WARN_UNREACHABLE_CODE = YES;
				CLANG_WARN__DUPLICATE_METHOD_MATCH = YES;
				COPY_PHASE_STRIP = NO;
				DEBUG_INFORMATION_FORMAT = dwarf;
				ENABLE_STRICT_OBJC_MSGSEND = YES;
				ENABLE_TESTABILITY = YES;
				GCC_C_LANGUAGE_STANDARD = gnu11;
				GCC_DYNAMIC_NO_PIC = NO;
				GCC_NO_COMMON_BLOCKS = YES;
				GCC_OPTIMIZATION_LEVEL = 0;
				GCC_PREPROCESSOR_DEFINITIONS = (
					"DEBUG=1",
					"$(inherited)",
				);
				GCC_WARN_64_TO_32_BIT_CONVERSION = YES;
				GCC_WARN_ABOUT_RETURN_TYPE = YES_ERROR;
				GCC_WARN_UNDECLARED_SELECTOR = YES;
				GCC_WARN_UNINITIALIZED_AUTOS = YES_AGGRESSIVE;
				GCC_WARN_UNUSED_FUNCTION = YES;
				GCC_WARN_UNUSED_VARIABLE = YES;
				IPHONEOS_DEPLOYMENT_TARGET = 16.0;
				MTL_ENABLE_DEBUG_INFO = INCLUDE_SOURCE;
				MTL_FAST_MATH = YES;
				ONLY_ACTIVE_ARCH = YES;
				SDKROOT = iphoneos;
				SWIFT_ACTIVE_COMPILATION_CONDITIONS = DEBUG;
				SWIFT_OPTIMIZATION_LEVEL = "-Onone";
			};
			name = Debug;
		};
		A1A1A1A10000103D /* Release */ = {
			isa = XCBuildConfiguration;
			buildSettings = {
				ALWAYS_SEARCH_USER_PATHS = NO;
				CLANG_ANALYZER_NONNULL = YES;
				CLANG_ANALYZER_NUMBER_OBJECT_CONVERSION = YES_AGGRESSIVE;
				CLANG_CXX_LANGUAGE_STANDARD = "gnu++20";
				CLANG_ENABLE_MODULES = YES;
				CLANG_ENABLE_OBJC_ARC = YES;
				CLANG_ENABLE_OBJC_WEAK = YES;
				CLANG_WARN_BLOCK_CAPTURE_AUTORELEASING = YES;
				CLANG_WARN_BOOL_CONVERSION = YES;
				CLANG_WARN_COMMA = YES;
				CLANG_WARN_CONSTANT_CONVERSION = YES;
				CLANG_WARN_DEPRECATED_OBJC_IMPLEMENTATIONS = YES;
				CLANG_WARN_DIRECT_OBJC_ISA_USAGE = YES_ERROR;
				CLANG_WARN_DOCUMENTATION_COMMENTS = YES;
				CLANG_WARN_EMPTY_BODY = YES;
				CLANG_WARN_ENUM_CONVERSION = YES;
				CLANG_WARN_INFINITE_RECURSION = YES;
				CLANG_WARN_INT_CONVERSION = YES;
				CLANG_WARN_NON_LITERAL_NULL_CONVERSION = YES;
				CLANG_WARN_OBJC_IMPLICIT_RETAIN_SELF = YES;
				CLANG_WARN_OBJC_LITERAL_CONVERSION = YES;
				CLANG_WARN_OBJC_ROOT_CLASS = YES_ERROR;
				CLANG_WARN_QUOTED_INCLUDE_IN_FRAMEWORK_HEADER = YES;
				CLANG_WARN_RANGE_LOOP_ANALYSIS = YES;
				CLANG_WARN_STRICT_PROTOTYPES = YES;
				CLANG_WARN_SUSPICIOUS_MOVE = YES;
				CLANG_WARN_UNGUARDED_AVAILABILITY = YES_AGGRESSIVE;
				CLANG_WARN_UNREACHABLE_CODE = YES;
				CLANG_WARN__DUPLICATE_METHOD_MATCH = YES;
				COPY_PHASE_STRIP = NO;
				DEBUG_INFORMATION_FORMAT = "dwarf-with-dsym";
				ENABLE_NS_ASSERTIONS = NO;
				ENABLE_STRICT_OBJC_MSGSEND = YES;
				GCC_C_LANGUAGE_STANDARD = gnu11;
				GCC_NO_COMMON_BLOCKS = YES;
				GCC_WARN_64_TO_32_BIT_CONVERSION = YES;
				GCC_WARN_ABOUT_RETURN_TYPE = YES_ERROR;
				GCC_WARN_UNDECLARED_SELECTOR = YES;
				GCC_WARN_UNINITIALIZED_AUTOS = YES_AGGRESSIVE;
				GCC_WARN_UNUSED_FUNCTION = YES;
				GCC_WARN_UNUSED_VARIABLE = YES;
				IPHONEOS_DEPLOYMENT_TARGET = 16.0;
				MTL_ENABLE_DEBUG_INFO = NO;
				MTL_FAST_MATH = YES;
				SDKROOT = iphoneos;
				SWIFT_COMPILATION_MODE = wholemodule;
				SWIFT_OPTIMIZATION_LEVEL = "-O";
				VALIDATE_PRODUCT = YES;
			};
			name = Release;
		};
		A1A1A1A10000103E /* Debug */ = {
			isa = XCBuildConfiguration;
			buildSettings = {
				ASSETCATALOG_COMPILER_APPICON_NAME = AppIcon;
				ASSETCATALOG_COMPILER_GLOBAL_ACCENT_COLOR_NAME = AccentColor;
				CODE_SIGN_STYLE = Automatic;
				CURRENT_PROJECT_VERSION = 1;
				GENERATE_INFOPLIST_FILE = YES;
				INFOPLIST_FILE = "ChronicleSync-iOS/Info.plist";
				INFOPLIST_KEY_UIApplicationSupportsIndirectInputEvents = YES;
				INFOPLIST_KEY_UILaunchStoryboardName = LaunchScreen;
				INFOPLIST_KEY_UIMainStoryboardFile = Main;
				INFOPLIST_KEY_UISupportedInterfaceOrientations_iPad = "UIInterfaceOrientationPortrait UIInterfaceOrientationPortraitUpsideDown UIInterfaceOrientationLandscapeLeft UIInterfaceOrientationLandscapeRight";
				INFOPLIST_KEY_UISupportedInterfaceOrientations_iPhone = "UIInterfaceOrientationPortrait UIInterfaceOrientationLandscapeLeft UIInterfaceOrientationLandscapeRight";
				LD_RUNPATH_SEARCH_PATHS = (
					"$(inherited)",
					"@executable_path/Frameworks",
				);
				MARKETING_VERSION = 1.0;
				PRODUCT_BUNDLE_IDENTIFIER = "xyz.chroniclesync.ChronicleSync-iOS";
				PRODUCT_NAME = "$(TARGET_NAME)";
				SWIFT_EMIT_LOC_STRINGS = YES;
				SWIFT_VERSION = 5.0;
				TARGETED_DEVICE_FAMILY = "1,2";
			};
			name = Debug;
		};
		A1A1A1A10000103F /* Release */ = {
			isa = XCBuildConfiguration;
			buildSettings = {
				ASSETCATALOG_COMPILER_APPICON_NAME = AppIcon;
				ASSETCATALOG_COMPILER_GLOBAL_ACCENT_COLOR_NAME = AccentColor;
				CODE_SIGN_STYLE = Automatic;
				CURRENT_PROJECT_VERSION = 1;
				GENERATE_INFOPLIST_FILE = YES;
				INFOPLIST_FILE = "ChronicleSync-iOS/Info.plist";
				INFOPLIST_KEY_UIApplicationSupportsIndirectInputEvents = YES;
				INFOPLIST_KEY_UILaunchStoryboardName = LaunchScreen;
				INFOPLIST_KEY_UIMainStoryboardFile = Main;
				INFOPLIST_KEY_UISupportedInterfaceOrientations_iPad = "UIInterfaceOrientationPortrait UIInterfaceOrientationPortraitUpsideDown UIInterfaceOrientationLandscapeLeft UIInterfaceOrientationLandscapeRight";
				INFOPLIST_KEY_UISupportedInterfaceOrientations_iPhone = "UIInterfaceOrientationPortrait UIInterfaceOrientationLandscapeLeft UIInterfaceOrientationLandscapeRight";
				LD_RUNPATH_SEARCH_PATHS = (
					"$(inherited)",
					"@executable_path/Frameworks",
				);
				MARKETING_VERSION = 1.0;
				PRODUCT_BUNDLE_IDENTIFIER = "xyz.chroniclesync.ChronicleSync-iOS";
				PRODUCT_NAME = "$(TARGET_NAME)";
				SWIFT_EMIT_LOC_STRINGS = YES;
				SWIFT_VERSION = 5.0;
				TARGETED_DEVICE_FAMILY = "1,2";
			};
			name = Release;
		};
		A1A1A1A100001040 /* Debug */ = {
			isa = XCBuildConfiguration;
			buildSettings = {
				CODE_SIGN_STYLE = Automatic;
				CURRENT_PROJECT_VERSION = 1;
				GENERATE_INFOPLIST_FILE = YES;
				INFOPLIST_FILE = "ChronicleSync-Extension/Info-Extension.plist";
				INFOPLIST_KEY_CFBundleDisplayName = "ChronicleSync-Extension";
				INFOPLIST_KEY_NSHumanReadableCopyright = "";
				LD_RUNPATH_SEARCH_PATHS = (
					"$(inherited)",
					"@executable_path/Frameworks",
					"@executable_path/../../Frameworks",
				);
				MARKETING_VERSION = 1.0;
				PRODUCT_BUNDLE_IDENTIFIER = "xyz.chroniclesync.ChronicleSync-iOS.ChronicleSync-Extension";
				PRODUCT_NAME = "$(TARGET_NAME)";
				SKIP_INSTALL = YES;
				SWIFT_EMIT_LOC_STRINGS = YES;
				SWIFT_VERSION = 5.0;
				TARGETED_DEVICE_FAMILY = "1,2";
			};
			name = Debug;
		};
		A1A1A1A100001041 /* Release */ = {
			isa = XCBuildConfiguration;
			buildSettings = {
				CODE_SIGN_STYLE = Automatic;
				CURRENT_PROJECT_VERSION = 1;
				GENERATE_INFOPLIST_FILE = YES;
				INFOPLIST_FILE = "ChronicleSync-Extension/Info-Extension.plist";
				INFOPLIST_KEY_CFBundleDisplayName = "ChronicleSync-Extension";
				INFOPLIST_KEY_NSHumanReadableCopyright = "";
				LD_RUNPATH_SEARCH_PATHS = (
					"$(inherited)",
					"@executable_path/Frameworks",
					"@executable_path/../../Frameworks",
				);
				MARKETING_VERSION = 1.0;
				PRODUCT_BUNDLE_IDENTIFIER = "xyz.chroniclesync.ChronicleSync-iOS.ChronicleSync-Extension";
				PRODUCT_NAME = "$(TARGET_NAME)";
				SKIP_INSTALL = YES;
				SWIFT_EMIT_LOC_STRINGS = YES;
				SWIFT_VERSION = 5.0;
				TARGETED_DEVICE_FAMILY = "1,2";
			};
			name = Release;
		};
/* End XCBuildConfiguration section */

/* Begin XCConfigurationList section */
		A1A1A1A100001034 /* Build configuration list for PBXNativeTarget "ChronicleSync-iOS" */ = {
			isa = XCConfigurationList;
			buildConfigurations = (
				A1A1A1A10000103E /* Debug */,
				A1A1A1A10000103F /* Release */,
			);
			defaultConfigurationIsVisible = 0;
			defaultConfigurationName = Release;
		};
		A1A1A1A100001038 /* Build configuration list for PBXNativeTarget "ChronicleSync-Extension" */ = {
			isa = XCConfigurationList;
			buildConfigurations = (
				A1A1A1A100001040 /* Debug */,
				A1A1A1A100001041 /* Release */,
			);
			defaultConfigurationIsVisible = 0;
			defaultConfigurationName = Release;
		};
		A1A1A1A10000103B /* Build configuration list for PBXProject "ChronicleSync-iOS" */ = {
			isa = XCConfigurationList;
			buildConfigurations = (
				A1A1A1A10000103C /* Debug */,
				A1A1A1A10000103D /* Release */,
			);
			defaultConfigurationIsVisible = 0;
			defaultConfigurationName = Release;
		};
/* End XCConfigurationList section */
	};
	rootObject = A1A1A1A100001024 /* Project object */;
}