// !$*UTF8*$!
{
	archiveVersion = 1;
	classes = {
	};
	objectVersion = 56;
	objects = {

/* Begin PBXBuildFile section */
		1A1A1A1A1A1A1A1A1A1A1A /* AppDelegate.swift in Sources */ = {isa = PBXBuildFile; fileRef = 1A1A1A1A1A1A1A1A1A1A1B /* AppDelegate.swift */; };
		1A1A1A1A1A1A1A1A1A1A1C /* SceneDelegate.swift in Sources */ = {isa = PBXBuildFile; fileRef = 1A1A1A1A1A1A1A1A1A1A1D /* SceneDelegate.swift */; };
		1A1A1A1A1A1A1A1A1A1A1E /* ViewController.swift in Sources */ = {isa = PBXBuildFile; fileRef = 1A1A1A1A1A1A1A1A1A1A1F /* ViewController.swift */; };
		1A1A1A1A1A1A1A1A1A1A20 /* Main.storyboard in Resources */ = {isa = PBXBuildFile; fileRef = 1A1A1A1A1A1A1A1A1A1A21 /* Main.storyboard */; };
		1A1A1A1A1A1A1A1A1A1A22 /* Assets.xcassets in Resources */ = {isa = PBXBuildFile; fileRef = 1A1A1A1A1A1A1A1A1A1A23 /* Assets.xcassets */; };
		1A1A1A1A1A1A1A1A1A1A24 /* LaunchScreen.storyboard in Resources */ = {isa = PBXBuildFile; fileRef = 1A1A1A1A1A1A1A1A1A1A25 /* LaunchScreen.storyboard */; };
		1A1A1A1A1A1A1A1A1A1A26 /* AppDelegate.swift in Sources */ = {isa = PBXBuildFile; fileRef = 1A1A1A1A1A1A1A1A1A1A27 /* AppDelegate.swift */; };
		1A1A1A1A1A1A1A1A1A1A28 /* ViewController.swift in Sources */ = {isa = PBXBuildFile; fileRef = 1A1A1A1A1A1A1A1A1A1A29 /* ViewController.swift */; };
		1A1A1A1A1A1A1A1A1A1A2A /* Main.storyboard in Resources */ = {isa = PBXBuildFile; fileRef = 1A1A1A1A1A1A1A1A1A1A2B /* Main.storyboard */; };
		1A1A1A1A1A1A1A1A1A1A2C /* Assets.xcassets in Resources */ = {isa = PBXBuildFile; fileRef = 1A1A1A1A1A1A1A1A1A1A2D /* Assets.xcassets */; };
		1A1A1A1A1A1A1A1A1A1A2E /* SafariWebExtensionHandler.swift in Sources */ = {isa = PBXBuildFile; fileRef = 1A1A1A1A1A1A1A1A1A1A2F /* SafariWebExtensionHandler.swift */; };
		1A1A1A1A1A1A1A1A1A1A30 /* SafariWebExtensionHandler.swift in Sources */ = {isa = PBXBuildFile; fileRef = 1A1A1A1A1A1A1A1A1A1A31 /* SafariWebExtensionHandler.swift */; };
		1A1A1A1A1A1A1A1A1A1A32 /* Extension Files in Resources */ = {isa = PBXBuildFile; fileRef = 1A1A1A1A1A1A1A1A1A1A33 /* Extension Files */; };
		1A1A1A1A1A1A1A1A1A1A34 /* Extension Files in Resources */ = {isa = PBXBuildFile; fileRef = 1A1A1A1A1A1A1A1A1A1A35 /* Extension Files */; };
		1A1A1A1A1A1A1A1A1A1A36 /* ChronicleSync Extension.appex in Embed Foundation Extensions */ = {isa = PBXBuildFile; fileRef = 1A1A1A1A1A1A1A1A1A1A37 /* ChronicleSync Extension.appex */; settings = {ATTRIBUTES = (RemoveHeadersOnCopy, ); }; };
		1A1A1A1A1A1A1A1A1A1A38 /* ChronicleSync Extension.appex in Embed Foundation Extensions */ = {isa = PBXBuildFile; fileRef = 1A1A1A1A1A1A1A1A1A1A39 /* ChronicleSync Extension.appex */; settings = {ATTRIBUTES = (RemoveHeadersOnCopy, ); }; };
		1A1A1A1A1A1A1A1A1A1A3A /* ChronicleSync iOS Tests.swift in Sources */ = {isa = PBXBuildFile; fileRef = 1A1A1A1A1A1A1A1A1A1A3B /* ChronicleSync iOS Tests.swift */; };
		1A1A1A1A1A1A1A1A1A1A3C /* ChronicleSync macOS Tests.swift in Sources */ = {isa = PBXBuildFile; fileRef = 1A1A1A1A1A1A1A1A1A1A3D /* ChronicleSync macOS Tests.swift */; };
/* End PBXBuildFile section */

/* Begin PBXContainerItemProxy section */
		1A1A1A1A1A1A1A1A1A1A3E /* PBXContainerItemProxy */ = {
			isa = PBXContainerItemProxy;
			containerPortal = 1A1A1A1A1A1A1A1A1A1A3F /* Project object */;
			proxyType = 1;
			remoteGlobalIDString = 1A1A1A1A1A1A1A1A1A1A40;
			remoteInfo = "ChronicleSync Extension (iOS)";
		};
		1A1A1A1A1A1A1A1A1A1A41 /* PBXContainerItemProxy */ = {
			isa = PBXContainerItemProxy;
			containerPortal = 1A1A1A1A1A1A1A1A1A1A3F /* Project object */;
			proxyType = 1;
			remoteGlobalIDString = 1A1A1A1A1A1A1A1A1A1A42;
			remoteInfo = "ChronicleSync Extension (macOS)";
		};
		1A1A1A1A1A1A1A1A1A1A43 /* PBXContainerItemProxy */ = {
			isa = PBXContainerItemProxy;
			containerPortal = 1A1A1A1A1A1A1A1A1A1A3F /* Project object */;
			proxyType = 1;
			remoteGlobalIDString = 1A1A1A1A1A1A1A1A1A1A44;
			remoteInfo = "ChronicleSync (iOS)";
		};
		1A1A1A1A1A1A1A1A1A1A45 /* PBXContainerItemProxy */ = {
			isa = PBXContainerItemProxy;
			containerPortal = 1A1A1A1A1A1A1A1A1A1A3F /* Project object */;
			proxyType = 1;
			remoteGlobalIDString = 1A1A1A1A1A1A1A1A1A1A46;
			remoteInfo = "ChronicleSync (macOS)";
		};
/* End PBXContainerItemProxy section */

/* Begin PBXCopyFilesBuildPhase section */
		1A1A1A1A1A1A1A1A1A1A47 /* Embed Foundation Extensions */ = {
			isa = PBXCopyFilesBuildPhase;
			buildActionMask = 2147483647;
			dstPath = "";
			dstSubfolderSpec = 13;
			files = (
				1A1A1A1A1A1A1A1A1A1A36 /* ChronicleSync Extension.appex in Embed Foundation Extensions */,
			);
			name = "Embed Foundation Extensions";
			runOnlyForDeploymentPostprocessing = 0;
		};
		1A1A1A1A1A1A1A1A1A1A48 /* Embed Foundation Extensions */ = {
			isa = PBXCopyFilesBuildPhase;
			buildActionMask = 2147483647;
			dstPath = "";
			dstSubfolderSpec = 13;
			files = (
				1A1A1A1A1A1A1A1A1A1A38 /* ChronicleSync Extension.appex in Embed Foundation Extensions */,
			);
			name = "Embed Foundation Extensions";
			runOnlyForDeploymentPostprocessing = 0;
		};
/* End PBXCopyFilesBuildPhase section */

/* Begin PBXFileReference section */
		1A1A1A1A1A1A1A1A1A1A49 /* ChronicleSync.app */ = {isa = PBXFileReference; explicitFileType = wrapper.application; includeInIndex = 0; path = ChronicleSync.app; sourceTree = BUILT_PRODUCTS_DIR; };
		1A1A1A1A1A1A1A1A1A1B /* AppDelegate.swift */ = {isa = PBXFileReference; lastKnownFileType = sourcecode.swift; path = AppDelegate.swift; sourceTree = "<group>"; };
		1A1A1A1A1A1A1A1A1A1D /* SceneDelegate.swift */ = {isa = PBXFileReference; lastKnownFileType = sourcecode.swift; path = SceneDelegate.swift; sourceTree = "<group>"; };
		1A1A1A1A1A1A1A1A1A1F /* ViewController.swift */ = {isa = PBXFileReference; lastKnownFileType = sourcecode.swift; path = ViewController.swift; sourceTree = "<group>"; };
		1A1A1A1A1A1A1A1A1A4A /* Base */ = {isa = PBXFileReference; lastKnownFileType = file.storyboard; name = Base; path = Base.lproj/Main.storyboard; sourceTree = "<group>"; };
		1A1A1A1A1A1A1A1A1A23 /* Assets.xcassets */ = {isa = PBXFileReference; lastKnownFileType = folder.assetcatalog; path = Assets.xcassets; sourceTree = "<group>"; };
		1A1A1A1A1A1A1A1A1A4B /* Base */ = {isa = PBXFileReference; lastKnownFileType = file.storyboard; name = Base; path = Base.lproj/LaunchScreen.storyboard; sourceTree = "<group>"; };
		1A1A1A1A1A1A1A1A1A4C /* Info.plist */ = {isa = PBXFileReference; lastKnownFileType = text.plist.xml; path = Info.plist; sourceTree = "<group>"; };
		1A1A1A1A1A1A1A1A1A4D /* ChronicleSync.app */ = {isa = PBXFileReference; explicitFileType = wrapper.application; includeInIndex = 0; path = ChronicleSync.app; sourceTree = BUILT_PRODUCTS_DIR; };
		1A1A1A1A1A1A1A1A1A27 /* AppDelegate.swift */ = {isa = PBXFileReference; lastKnownFileType = sourcecode.swift; path = AppDelegate.swift; sourceTree = "<group>"; };
		1A1A1A1A1A1A1A1A1A29 /* ViewController.swift */ = {isa = PBXFileReference; lastKnownFileType = sourcecode.swift; path = ViewController.swift; sourceTree = "<group>"; };
		1A1A1A1A1A1A1A1A1A4E /* Base */ = {isa = PBXFileReference; lastKnownFileType = file.storyboard; name = Base; path = Base.lproj/Main.storyboard; sourceTree = "<group>"; };
		1A1A1A1A1A1A1A1A1A2D /* Assets.xcassets */ = {isa = PBXFileReference; lastKnownFileType = folder.assetcatalog; path = Assets.xcassets; sourceTree = "<group>"; };
		1A1A1A1A1A1A1A1A1A4F /* Info.plist */ = {isa = PBXFileReference; lastKnownFileType = text.plist.xml; path = Info.plist; sourceTree = "<group>"; };
		1A1A1A1A1A1A1A1A1A50 /* ChronicleSync.entitlements */ = {isa = PBXFileReference; lastKnownFileType = text.plist.entitlements; path = ChronicleSync.entitlements; sourceTree = "<group>"; };
		1A1A1A1A1A1A1A1A1A37 /* ChronicleSync Extension.appex */ = {isa = PBXFileReference; explicitFileType = "wrapper.app-extension"; includeInIndex = 0; path = "ChronicleSync Extension.appex"; sourceTree = BUILT_PRODUCTS_DIR; };
		1A1A1A1A1A1A1A1A1A2F /* SafariWebExtensionHandler.swift */ = {isa = PBXFileReference; lastKnownFileType = sourcecode.swift; path = SafariWebExtensionHandler.swift; sourceTree = "<group>"; };
		1A1A1A1A1A1A1A1A1A51 /* Info.plist */ = {isa = PBXFileReference; lastKnownFileType = text.plist.xml; path = Info.plist; sourceTree = "<group>"; };
		1A1A1A1A1A1A1A1A1A33 /* Extension Files */ = {isa = PBXFileReference; lastKnownFileType = folder; path = "Extension Files"; sourceTree = "<group>"; };
		1A1A1A1A1A1A1A1A1A39 /* ChronicleSync Extension.appex */ = {isa = PBXFileReference; explicitFileType = "wrapper.app-extension"; includeInIndex = 0; path = "ChronicleSync Extension.appex"; sourceTree = BUILT_PRODUCTS_DIR; };
		1A1A1A1A1A1A1A1A1A31 /* SafariWebExtensionHandler.swift */ = {isa = PBXFileReference; lastKnownFileType = sourcecode.swift; path = SafariWebExtensionHandler.swift; sourceTree = "<group>"; };
		1A1A1A1A1A1A1A1A1A52 /* Info.plist */ = {isa = PBXFileReference; lastKnownFileType = text.plist.xml; path = Info.plist; sourceTree = "<group>"; };
		1A1A1A1A1A1A1A1A1A35 /* Extension Files */ = {isa = PBXFileReference; lastKnownFileType = folder; path = "Extension Files"; sourceTree = "<group>"; };
		1A1A1A1A1A1A1A1A1A53 /* ChronicleSync Extension.entitlements */ = {isa = PBXFileReference; lastKnownFileType = text.plist.entitlements; path = "ChronicleSync Extension.entitlements"; sourceTree = "<group>"; };
		1A1A1A1A1A1A1A1A1A54 /* ChronicleSync iOS Tests.xctest */ = {isa = PBXFileReference; explicitFileType = wrapper.cfbundle; includeInIndex = 0; path = "ChronicleSync iOS Tests.xctest"; sourceTree = BUILT_PRODUCTS_DIR; };
		1A1A1A1A1A1A1A1A1A3B /* ChronicleSync iOS Tests.swift */ = {isa = PBXFileReference; lastKnownFileType = sourcecode.swift; path = "ChronicleSync iOS Tests.swift"; sourceTree = "<group>"; };
		1A1A1A1A1A1A1A1A1A55 /* ChronicleSync macOS Tests.xctest */ = {isa = PBXFileReference; explicitFileType = wrapper.cfbundle; includeInIndex = 0; path = "ChronicleSync macOS Tests.xctest"; sourceTree = BUILT_PRODUCTS_DIR; };
		1A1A1A1A1A1A1A1A1A3D /* ChronicleSync macOS Tests.swift */ = {isa = PBXFileReference; lastKnownFileType = sourcecode.swift; path = "ChronicleSync macOS Tests.swift"; sourceTree = "<group>"; };
/* End PBXFileReference section */

/* Begin PBXFrameworksBuildPhase section */
		1A1A1A1A1A1A1A1A1A56 /* Frameworks */ = {
			isa = PBXFrameworksBuildPhase;
			buildActionMask = 2147483647;
			files = (
			);
			runOnlyForDeploymentPostprocessing = 0;
		};
		1A1A1A1A1A1A1A1A1A57 /* Frameworks */ = {
			isa = PBXFrameworksBuildPhase;
			buildActionMask = 2147483647;
			files = (
			);
			runOnlyForDeploymentPostprocessing = 0;
		};
		1A1A1A1A1A1A1A1A1A58 /* Frameworks */ = {
			isa = PBXFrameworksBuildPhase;
			buildActionMask = 2147483647;
			files = (
			);
			runOnlyForDeploymentPostprocessing = 0;
		};
		1A1A1A1A1A1A1A1A1A59 /* Frameworks */ = {
			isa = PBXFrameworksBuildPhase;
			buildActionMask = 2147483647;
			files = (
			);
			runOnlyForDeploymentPostprocessing = 0;
		};
		1A1A1A1A1A1A1A1A1A5A /* Frameworks */ = {
			isa = PBXFrameworksBuildPhase;
			buildActionMask = 2147483647;
			files = (
			);
			runOnlyForDeploymentPostprocessing = 0;
		};
		1A1A1A1A1A1A1A1A1A5B /* Frameworks */ = {
			isa = PBXFrameworksBuildPhase;
			buildActionMask = 2147483647;
			files = (
			);
			runOnlyForDeploymentPostprocessing = 0;
		};
/* End PBXFrameworksBuildPhase section */

/* Begin PBXGroup section */
		1A1A1A1A1A1A1A1A1A5C = {
			isa = PBXGroup;
			children = (
				1A1A1A1A1A1A1A1A1A5D /* Shared */,
				1A1A1A1A1A1A1A1A1A5E /* iOS */,
				1A1A1A1A1A1A1A1A1A5F /* macOS */,
				1A1A1A1A1A1A1A1A1A60 /* iOS Extension */,
				1A1A1A1A1A1A1A1A1A61 /* macOS Extension */,
				1A1A1A1A1A1A1A1A1A62 /* Tests */,
				1A1A1A1A1A1A1A1A1A63 /* Products */,
			);
			sourceTree = "<group>";
		};
		1A1A1A1A1A1A1A1A1A5D /* Shared */ = {
			isa = PBXGroup;
			children = (
				1A1A1A1A1A1A1A1A1A33 /* Extension Files */,
			);
			path = Shared;
			sourceTree = "<group>";
		};
		1A1A1A1A1A1A1A1A1A5E /* iOS */ = {
			isa = PBXGroup;
			children = (
				1A1A1A1A1A1A1A1A1A1B /* AppDelegate.swift */,
				1A1A1A1A1A1A1A1A1A1D /* SceneDelegate.swift */,
				1A1A1A1A1A1A1A1A1A1F /* ViewController.swift */,
				1A1A1A1A1A1A1A1A1A21 /* Main.storyboard */,
				1A1A1A1A1A1A1A1A1A23 /* Assets.xcassets */,
				1A1A1A1A1A1A1A1A1A25 /* LaunchScreen.storyboard */,
				1A1A1A1A1A1A1A1A1A4C /* Info.plist */,
			);
			path = iOS;
			sourceTree = "<group>";
		};
		1A1A1A1A1A1A1A1A1A5F /* macOS */ = {
			isa = PBXGroup;
			children = (
				1A1A1A1A1A1A1A1A1A27 /* AppDelegate.swift */,
				1A1A1A1A1A1A1A1A1A29 /* ViewController.swift */,
				1A1A1A1A1A1A1A1A1A2B /* Main.storyboard */,
				1A1A1A1A1A1A1A1A1A2D /* Assets.xcassets */,
				1A1A1A1A1A1A1A1A1A4F /* Info.plist */,
				1A1A1A1A1A1A1A1A1A50 /* ChronicleSync.entitlements */,
			);
			path = macOS;
			sourceTree = "<group>";
		};
		1A1A1A1A1A1A1A1A1A60 /* iOS Extension */ = {
			isa = PBXGroup;
			children = (
				1A1A1A1A1A1A1A1A1A2F /* SafariWebExtensionHandler.swift */,
				1A1A1A1A1A1A1A1A1A51 /* Info.plist */,
			);
			path = "iOS Extension";
			sourceTree = "<group>";
		};
		1A1A1A1A1A1A1A1A1A61 /* macOS Extension */ = {
			isa = PBXGroup;
			children = (
				1A1A1A1A1A1A1A1A1A31 /* SafariWebExtensionHandler.swift */,
				1A1A1A1A1A1A1A1A1A52 /* Info.plist */,
				1A1A1A1A1A1A1A1A1A53 /* ChronicleSync Extension.entitlements */,
			);
			path = "macOS Extension";
			sourceTree = "<group>";
		};
		1A1A1A1A1A1A1A1A1A62 /* Tests */ = {
			isa = PBXGroup;
			children = (
				1A1A1A1A1A1A1A1A1A3B /* ChronicleSync iOS Tests.swift */,
				1A1A1A1A1A1A1A1A1A3D /* ChronicleSync macOS Tests.swift */,
			);
			path = Tests;
			sourceTree = "<group>";
		};
		1A1A1A1A1A1A1A1A1A63 /* Products */ = {
			isa = PBXGroup;
			children = (
				1A1A1A1A1A1A1A1A1A49 /* ChronicleSync.app */,
				1A1A1A1A1A1A1A1A1A4D /* ChronicleSync.app */,
				1A1A1A1A1A1A1A1A1A37 /* ChronicleSync Extension.appex */,
				1A1A1A1A1A1A1A1A1A39 /* ChronicleSync Extension.appex */,
				1A1A1A1A1A1A1A1A1A54 /* ChronicleSync iOS Tests.xctest */,
				1A1A1A1A1A1A1A1A1A55 /* ChronicleSync macOS Tests.xctest */,
			);
			name = Products;
			sourceTree = "<group>";
		};
/* End PBXGroup section */

/* Begin PBXNativeTarget section */
		1A1A1A1A1A1A1A1A1A44 /* ChronicleSync (iOS) */ = {
			isa = PBXNativeTarget;
			buildConfigurationList = 1A1A1A1A1A1A1A1A1A64 /* Build configuration list for PBXNativeTarget "ChronicleSync (iOS)" */;
			buildPhases = (
				1A1A1A1A1A1A1A1A1A65 /* Sources */,
				1A1A1A1A1A1A1A1A1A56 /* Frameworks */,
				1A1A1A1A1A1A1A1A1A66 /* Resources */,
				1A1A1A1A1A1A1A1A1A47 /* Embed Foundation Extensions */,
			);
			buildRules = (
			);
			dependencies = (
				1A1A1A1A1A1A1A1A1A67 /* PBXTargetDependency */,
			);
			name = "ChronicleSync (iOS)";
			productName = "ChronicleSync (iOS)";
			productReference = 1A1A1A1A1A1A1A1A1A49 /* ChronicleSync.app */;
			productType = "com.apple.product-type.application";
		};
		1A1A1A1A1A1A1A1A1A46 /* ChronicleSync (macOS) */ = {
			isa = PBXNativeTarget;
			buildConfigurationList = 1A1A1A1A1A1A1A1A1A68 /* Build configuration list for PBXNativeTarget "ChronicleSync (macOS)" */;
			buildPhases = (
				1A1A1A1A1A1A1A1A1A69 /* Sources */,
				1A1A1A1A1A1A1A1A1A57 /* Frameworks */,
				1A1A1A1A1A1A1A1A1A6A /* Resources */,
				1A1A1A1A1A1A1A1A1A48 /* Embed Foundation Extensions */,
			);
			buildRules = (
			);
			dependencies = (
				1A1A1A1A1A1A1A1A1A6B /* PBXTargetDependency */,
			);
			name = "ChronicleSync (macOS)";
			productName = "ChronicleSync (macOS)";
			productReference = 1A1A1A1A1A1A1A1A1A4D /* ChronicleSync.app */;
			productType = "com.apple.product-type.application";
		};
		1A1A1A1A1A1A1A1A1A40 /* ChronicleSync Extension (iOS) */ = {
			isa = PBXNativeTarget;
			buildConfigurationList = 1A1A1A1A1A1A1A1A1A6C /* Build configuration list for PBXNativeTarget "ChronicleSync Extension (iOS)" */;
			buildPhases = (
				1A1A1A1A1A1A1A1A1A6D /* Sources */,
				1A1A1A1A1A1A1A1A1A58 /* Frameworks */,
				1A1A1A1A1A1A1A1A1A6E /* Resources */,
			);
			buildRules = (
			);
			dependencies = (
			);
			name = "ChronicleSync Extension (iOS)";
			productName = "ChronicleSync Extension (iOS)";
			productReference = 1A1A1A1A1A1A1A1A1A37 /* ChronicleSync Extension.appex */;
			productType = "com.apple.product-type.app-extension";
		};
		1A1A1A1A1A1A1A1A1A42 /* ChronicleSync Extension (macOS) */ = {
			isa = PBXNativeTarget;
			buildConfigurationList = 1A1A1A1A1A1A1A1A1A6F /* Build configuration list for PBXNativeTarget "ChronicleSync Extension (macOS)" */;
			buildPhases = (
				1A1A1A1A1A1A1A1A1A70 /* Sources */,
				1A1A1A1A1A1A1A1A1A59 /* Frameworks */,
				1A1A1A1A1A1A1A1A1A71 /* Resources */,
			);
			buildRules = (
			);
			dependencies = (
			);
			name = "ChronicleSync Extension (macOS)";
			productName = "ChronicleSync Extension (macOS)";
			productReference = 1A1A1A1A1A1A1A1A1A39 /* ChronicleSync Extension.appex */;
			productType = "com.apple.product-type.app-extension";
		};
		1A1A1A1A1A1A1A1A1A72 /* ChronicleSync iOS Tests */ = {
			isa = PBXNativeTarget;
			buildConfigurationList = 1A1A1A1A1A1A1A1A1A73 /* Build configuration list for PBXNativeTarget "ChronicleSync iOS Tests" */;
			buildPhases = (
				1A1A1A1A1A1A1A1A1A74 /* Sources */,
				1A1A1A1A1A1A1A1A1A5A /* Frameworks */,
				1A1A1A1A1A1A1A1A1A75 /* Resources */,
			);
			buildRules = (
			);
			dependencies = (
				1A1A1A1A1A1A1A1A1A76 /* PBXTargetDependency */,
			);
			name = "ChronicleSync iOS Tests";
			productName = "ChronicleSync iOS Tests";
			productReference = 1A1A1A1A1A1A1A1A1A54 /* ChronicleSync iOS Tests.xctest */;
			productType = "com.apple.product-type.bundle.unit-test";
		};
		1A1A1A1A1A1A1A1A1A77 /* ChronicleSync macOS Tests */ = {
			isa = PBXNativeTarget;
			buildConfigurationList = 1A1A1A1A1A1A1A1A1A78 /* Build configuration list for PBXNativeTarget "ChronicleSync macOS Tests" */;
			buildPhases = (
				1A1A1A1A1A1A1A1A1A79 /* Sources */,
				1A1A1A1A1A1A1A1A1A5B /* Frameworks */,
				1A1A1A1A1A1A1A1A1A7A /* Resources */,
			);
			buildRules = (
			);
			dependencies = (
				1A1A1A1A1A1A1A1A1A7B /* PBXTargetDependency */,
			);
			name = "ChronicleSync macOS Tests";
			productName = "ChronicleSync macOS Tests";
			productReference = 1A1A1A1A1A1A1A1A1A55 /* ChronicleSync macOS Tests.xctest */;
			productType = "com.apple.product-type.bundle.unit-test";
		};
/* End PBXNativeTarget section */

/* Begin PBXProject section */
		1A1A1A1A1A1A1A1A1A3F /* Project object */ = {
			isa = PBXProject;
			attributes = {
				BuildIndependentTargetsInParallel = 1;
				LastSwiftUpdateCheck = 1500;
				LastUpgradeCheck = 1500;
				TargetAttributes = {
					1A1A1A1A1A1A1A1A1A44 = {
						CreatedOnToolsVersion = 15.0;
					};
					1A1A1A1A1A1A1A1A1A46 = {
						CreatedOnToolsVersion = 15.0;
					};
					1A1A1A1A1A1A1A1A1A40 = {
						CreatedOnToolsVersion = 15.0;
					};
					1A1A1A1A1A1A1A1A1A42 = {
						CreatedOnToolsVersion = 15.0;
					};
					1A1A1A1A1A1A1A1A1A72 = {
						CreatedOnToolsVersion = 15.0;
						TestTargetID = 1A1A1A1A1A1A1A1A1A44;
					};
					1A1A1A1A1A1A1A1A1A77 = {
						CreatedOnToolsVersion = 15.0;
						TestTargetID = 1A1A1A1A1A1A1A1A1A46;
					};
				};
			};
			buildConfigurationList = 1A1A1A1A1A1A1A1A1A7C /* Build configuration list for PBXProject "ChronicleSync" */;
			compatibilityVersion = "Xcode 14.0";
			developmentRegion = en;
			hasScannedForEncodings = 0;
			knownRegions = (
				en,
				Base,
			);
			mainGroup = 1A1A1A1A1A1A1A1A1A5C;
			productRefGroup = 1A1A1A1A1A1A1A1A1A63 /* Products */;
			projectDirPath = "";
			projectRoot = "";
			targets = (
				1A1A1A1A1A1A1A1A1A44 /* ChronicleSync (iOS) */,
				1A1A1A1A1A1A1A1A1A46 /* ChronicleSync (macOS) */,
				1A1A1A1A1A1A1A1A1A40 /* ChronicleSync Extension (iOS) */,
				1A1A1A1A1A1A1A1A1A42 /* ChronicleSync Extension (macOS) */,
				1A1A1A1A1A1A1A1A1A72 /* ChronicleSync iOS Tests */,
				1A1A1A1A1A1A1A1A1A77 /* ChronicleSync macOS Tests */,
			);
		};
/* End PBXProject section */

/* Begin PBXResourcesBuildPhase section */
		1A1A1A1A1A1A1A1A1A66 /* Resources */ = {
			isa = PBXResourcesBuildPhase;
			buildActionMask = 2147483647;
			files = (
				1A1A1A1A1A1A1A1A1A24 /* LaunchScreen.storyboard in Resources */,
				1A1A1A1A1A1A1A1A1A22 /* Assets.xcassets in Resources */,
				1A1A1A1A1A1A1A1A1A20 /* Main.storyboard in Resources */,
			);
			runOnlyForDeploymentPostprocessing = 0;
		};
		1A1A1A1A1A1A1A1A1A6A /* Resources */ = {
			isa = PBXResourcesBuildPhase;
			buildActionMask = 2147483647;
			files = (
				1A1A1A1A1A1A1A1A1A2C /* Assets.xcassets in Resources */,
				1A1A1A1A1A1A1A1A1A2A /* Main.storyboard in Resources */,
			);
			runOnlyForDeploymentPostprocessing = 0;
		};
		1A1A1A1A1A1A1A1A1A6E /* Resources */ = {
			isa = PBXResourcesBuildPhase;
			buildActionMask = 2147483647;
			files = (
				1A1A1A1A1A1A1A1A1A32 /* Extension Files in Resources */,
			);
			runOnlyForDeploymentPostprocessing = 0;
		};
		1A1A1A1A1A1A1A1A1A71 /* Resources */ = {
			isa = PBXResourcesBuildPhase;
			buildActionMask = 2147483647;
			files = (
				1A1A1A1A1A1A1A1A1A34 /* Extension Files in Resources */,
			);
			runOnlyForDeploymentPostprocessing = 0;
		};
		1A1A1A1A1A1A1A1A1A75 /* Resources */ = {
			isa = PBXResourcesBuildPhase;
			buildActionMask = 2147483647;
			files = (
			);
			runOnlyForDeploymentPostprocessing = 0;
		};
		1A1A1A1A1A1A1A1A1A7A /* Resources */ = {
			isa = PBXResourcesBuildPhase;
			buildActionMask = 2147483647;
			files = (
			);
			runOnlyForDeploymentPostprocessing = 0;
		};
/* End PBXResourcesBuildPhase section */

/* Begin PBXSourcesBuildPhase section */
		1A1A1A1A1A1A1A1A1A65 /* Sources */ = {
			isa = PBXSourcesBuildPhase;
			buildActionMask = 2147483647;
			files = (
				1A1A1A1A1A1A1A1A1A1E /* ViewController.swift in Sources */,
				1A1A1A1A1A1A1A1A1A1A /* AppDelegate.swift in Sources */,
				1A1A1A1A1A1A1A1A1A1C /* SceneDelegate.swift in Sources */,
			);
			runOnlyForDeploymentPostprocessing = 0;
		};
		1A1A1A1A1A1A1A1A1A69 /* Sources */ = {
			isa = PBXSourcesBuildPhase;
			buildActionMask = 2147483647;
			files = (
				1A1A1A1A1A1A1A1A1A28 /* ViewController.swift in Sources */,
				1A1A1A1A1A1A1A1A1A26 /* AppDelegate.swift in Sources */,
			);
			runOnlyForDeploymentPostprocessing = 0;
		};
		1A1A1A1A1A1A1A1A1A6D /* Sources */ = {
			isa = PBXSourcesBuildPhase;
			buildActionMask = 2147483647;
			files = (
				1A1A1A1A1A1A1A1A1A2E /* SafariWebExtensionHandler.swift in Sources */,
			);
			runOnlyForDeploymentPostprocessing = 0;
		};
		1A1A1A1A1A1A1A1A1A70 /* Sources */ = {
			isa = PBXSourcesBuildPhase;
			buildActionMask = 2147483647;
			files = (
				1A1A1A1A1A1A1A1A1A30 /* SafariWebExtensionHandler.swift in Sources */,
			);
			runOnlyForDeploymentPostprocessing = 0;
		};
		1A1A1A1A1A1A1A1A1A74 /* Sources */ = {
			isa = PBXSourcesBuildPhase;
			buildActionMask = 2147483647;
			files = (
				1A1A1A1A1A1A1A1A1A3A /* ChronicleSync iOS Tests.swift in Sources */,
			);
			runOnlyForDeploymentPostprocessing = 0;
		};
		1A1A1A1A1A1A1A1A1A79 /* Sources */ = {
			isa = PBXSourcesBuildPhase;
			buildActionMask = 2147483647;
			files = (
				1A1A1A1A1A1A1A1A1A3C /* ChronicleSync macOS Tests.swift in Sources */,
			);
			runOnlyForDeploymentPostprocessing = 0;
		};
/* End PBXSourcesBuildPhase section */

/* Begin PBXTargetDependency section */
		1A1A1A1A1A1A1A1A1A67 /* PBXTargetDependency */ = {
			isa = PBXTargetDependency;
			target = 1A1A1A1A1A1A1A1A1A40 /* ChronicleSync Extension (iOS) */;
			targetProxy = 1A1A1A1A1A1A1A1A1A3E /* PBXContainerItemProxy */;
		};
		1A1A1A1A1A1A1A1A1A6B /* PBXTargetDependency */ = {
			isa = PBXTargetDependency;
			target = 1A1A1A1A1A1A1A1A1A42 /* ChronicleSync Extension (macOS) */;
			targetProxy = 1A1A1A1A1A1A1A1A1A41 /* PBXContainerItemProxy */;
		};
		1A1A1A1A1A1A1A1A1A76 /* PBXTargetDependency */ = {
			isa = PBXTargetDependency;
			target = 1A1A1A1A1A1A1A1A1A44 /* ChronicleSync (iOS) */;
			targetProxy = 1A1A1A1A1A1A1A1A1A43 /* PBXContainerItemProxy */;
		};
		1A1A1A1A1A1A1A1A1A7B /* PBXTargetDependency */ = {
			isa = PBXTargetDependency;
			target = 1A1A1A1A1A1A1A1A1A46 /* ChronicleSync (macOS) */;
			targetProxy = 1A1A1A1A1A1A1A1A1A45 /* PBXContainerItemProxy */;
		};
/* End PBXTargetDependency section */

/* Begin PBXVariantGroup section */
		1A1A1A1A1A1A1A1A1A21 /* Main.storyboard */ = {
			isa = PBXVariantGroup;
			children = (
				1A1A1A1A1A1A1A1A1A4A /* Base */,
			);
			name = Main.storyboard;
			sourceTree = "<group>";
		};
		1A1A1A1A1A1A1A1A1A25 /* LaunchScreen.storyboard */ = {
			isa = PBXVariantGroup;
			children = (
				1A1A1A1A1A1A1A1A1A4B /* Base */,
			);
			name = LaunchScreen.storyboard;
			sourceTree = "<group>";
		};
		1A1A1A1A1A1A1A1A1A2B /* Main.storyboard */ = {
			isa = PBXVariantGroup;
			children = (
				1A1A1A1A1A1A1A1A1A4E /* Base */,
			);
			name = Main.storyboard;
			sourceTree = "<group>";
		};
/* End PBXVariantGroup section */

/* Begin XCBuildConfiguration section */
		1A1A1A1A1A1A1A1A1A7D /* Debug */ = {
			isa = XCBuildConfiguration;
			buildSettings = {
				ALWAYS_SEARCH_USER_PATHS = NO;
				ASSETCATALOG_COMPILER_GENERATE_SWIFT_ASSET_SYMBOL_EXTENSIONS = YES;
				CLANG_ANALYZER_NONNULL = YES;
				CLANG_ANALYZER_NUMBER_OBJECT_CONVERSION = YES_AGGRESSIVE;
				CLANG_CXX_LANGUAGE_STANDARD = "gnu++20";
				CLANG_ENABLE_MODULES = YES;
				CLANG_ENABLE_OBJC_ARC = YES;
				CLANG_ENABLE_OBJC_WEAK = YES;
				CLANG_WARN_BLOCK_CAPTURE_AUTORELEASING = YES;
				CLANG_WARN_BOOL_CONVERSION = YES;
				CLANG_WARN_COMMA = YES;
				CLANG_WARN_CONSTANT_CONVERSION = YES;
				CLANG_WARN_DEPRECATED_OBJC_IMPLEMENTATIONS = YES;
				CLANG_WARN_DIRECT_OBJC_ISA_USAGE = YES_ERROR;
				CLANG_WARN_DOCUMENTATION_COMMENTS = YES;
				CLANG_WARN_EMPTY_BODY = YES;
				CLANG_WARN_ENUM_CONVERSION = YES;
				CLANG_WARN_INFINITE_RECURSION = YES;
				CLANG_WARN_INT_CONVERSION = YES;
				CLANG_WARN_NON_LITERAL_NULL_CONVERSION = YES;
				CLANG_WARN_OBJC_IMPLICIT_RETAIN_SELF = YES;
				CLANG_WARN_OBJC_LITERAL_CONVERSION = YES;
				CLANG_WARN_OBJC_ROOT_CLASS = YES_ERROR;
				CLANG_WARN_QUOTED_INCLUDE_IN_FRAMEWORK_HEADER = YES;
				CLANG_WARN_RANGE_LOOP_ANALYSIS = YES;
				CLANG_WARN_STRICT_PROTOTYPES = YES;
				CLANG_WARN_SUSPICIOUS_MOVE = YES;
				CLANG_WARN_UNGUARDED_AVAILABILITY = YES_AGGRESSIVE;
				CLANG_WARN_UNREACHABLE_CODE = YES;
				CLANG_WARN__DUPLICATE_METHOD_MATCH = YES;
				COPY_PHASE_STRIP = NO;
				DEBUG_INFORMATION_FORMAT = dwarf;
				ENABLE_STRICT_OBJC_MSGSEND = YES;
				ENABLE_TESTABILITY = YES;
				ENABLE_USER_SCRIPT_SANDBOXING = YES;
				GCC_C_LANGUAGE_STANDARD = gnu17;
				GCC_DYNAMIC_NO_PIC = NO;
				GCC_NO_COMMON_BLOCKS = YES;
				GCC_OPTIMIZATION_LEVEL = 0;
				GCC_PREPROCESSOR_DEFINITIONS = (
					"DEBUG=1",
					"$(inherited)",
				);
				GCC_WARN_64_TO_32_BIT_CONVERSION = YES;
				GCC_WARN_ABOUT_RETURN_TYPE = YES_ERROR;
				GCC_WARN_UNDECLARED_SELECTOR = YES;
				GCC_WARN_UNINITIALIZED_AUTOS = YES_AGGRESSIVE;
				GCC_WARN_UNUSED_FUNCTION = YES;
				GCC_WARN_UNUSED_VARIABLE = YES;
				LOCALIZATION_PREFERS_STRING_CATALOGS = YES;
				MTL_ENABLE_DEBUG_INFO = INCLUDE_SOURCE;
				MTL_FAST_MATH = YES;
				ONLY_ACTIVE_ARCH = YES;
				SWIFT_ACTIVE_COMPILATION_CONDITIONS = "DEBUG $(inherited)";
				SWIFT_OPTIMIZATION_LEVEL = "-Onone";
			};
			name = Debug;
		};
		1A1A1A1A1A1A1A1A1A7E /* Release */ = {
			isa = XCBuildConfiguration;
			buildSettings = {
				ALWAYS_SEARCH_USER_PATHS = NO;
				ASSETCATALOG_COMPILER_GENERATE_SWIFT_ASSET_SYMBOL_EXTENSIONS = YES;
				CLANG_ANALYZER_NONNULL = YES;
				CLANG_ANALYZER_NUMBER_OBJECT_CONVERSION = YES_AGGRESSIVE;
				CLANG_CXX_LANGUAGE_STANDARD = "gnu++20";
				CLANG_ENABLE_MODULES = YES;
				CLANG_ENABLE_OBJC_ARC = YES;
				CLANG_ENABLE_OBJC_WEAK = YES;
				CLANG_WARN_BLOCK_CAPTURE_AUTORELEASING = YES;
				CLANG_WARN_BOOL_CONVERSION = YES;
				CLANG_WARN_COMMA = YES;
				CLANG_WARN_CONSTANT_CONVERSION = YES;
				CLANG_WARN_DEPRECATED_OBJC_IMPLEMENTATIONS = YES;
				CLANG_WARN_DIRECT_OBJC_ISA_USAGE = YES_ERROR;
				CLANG_WARN_DOCUMENTATION_COMMENTS = YES;
				CLANG_WARN_EMPTY_BODY = YES;
				CLANG_WARN_ENUM_CONVERSION = YES;
				CLANG_WARN_INFINITE_RECURSION = YES;
				CLANG_WARN_INT_CONVERSION = YES;
				CLANG_WARN_NON_LITERAL_NULL_CONVERSION = YES;
				CLANG_WARN_OBJC_IMPLICIT_RETAIN_SELF = YES;
				CLANG_WARN_OBJC_LITERAL_CONVERSION = YES;
				CLANG_WARN_OBJC_ROOT_CLASS = YES_ERROR;
				CLANG_WARN_QUOTED_INCLUDE_IN_FRAMEWORK_HEADER = YES;
				CLANG_WARN_RANGE_LOOP_ANALYSIS = YES;
				CLANG_WARN_STRICT_PROTOTYPES = YES;
				CLANG_WARN_SUSPICIOUS_MOVE = YES;
				CLANG_WARN_UNGUARDED_AVAILABILITY = YES_AGGRESSIVE;
				CLANG_WARN_UNREACHABLE_CODE = YES;
				CLANG_WARN__DUPLICATE_METHOD_MATCH = YES;
				COPY_PHASE_STRIP = NO;
				DEBUG_INFORMATION_FORMAT = "dwarf-with-dsym";
				ENABLE_NS_ASSERTIONS = NO;
				ENABLE_STRICT_OBJC_MSGSEND = YES;
				ENABLE_USER_SCRIPT_SANDBOXING = YES;
				GCC_C_LANGUAGE_STANDARD = gnu17;
				GCC_NO_COMMON_BLOCKS = YES;
				GCC_WARN_64_TO_32_BIT_CONVERSION = YES;
				GCC_WARN_ABOUT_RETURN_TYPE = YES_ERROR;
				GCC_WARN_UNDECLARED_SELECTOR = YES;
				GCC_WARN_UNINITIALIZED_AUTOS = YES_AGGRESSIVE;
				GCC_WARN_UNUSED_FUNCTION = YES;
				GCC_WARN_UNUSED_VARIABLE = YES;
				LOCALIZATION_PREFERS_STRING_CATALOGS = YES;
				MTL_ENABLE_DEBUG_INFO = NO;
				MTL_FAST_MATH = YES;
				SWIFT_COMPILATION_MODE = wholemodule;
			};
			name = Release;
		};
		1A1A1A1A1A1A1A1A1A7F /* Debug */ = {
			isa = XCBuildConfiguration;
			buildSettings = {
				ALWAYS_EMBED_SWIFT_STANDARD_LIBRARIES = YES;
				ASSETCATALOG_COMPILER_APPICON_NAME = AppIcon;
				ASSETCATALOG_COMPILER_GLOBAL_ACCENT_COLOR_NAME = AccentColor;
				CODE_SIGN_STYLE = Automatic;
				CURRENT_PROJECT_VERSION = 1;
				DEVELOPMENT_TEAM = "";
				GENERATE_INFOPLIST_FILE = YES;
				INFOPLIST_FILE = iOS/Info.plist;
				INFOPLIST_KEY_CFBundleDisplayName = ChronicleSync;
				INFOPLIST_KEY_UIApplicationSupportsIndirectInputEvents = YES;
				INFOPLIST_KEY_UILaunchStoryboardName = LaunchScreen;
				INFOPLIST_KEY_UIMainStoryboardFile = Main;
				INFOPLIST_KEY_UISupportedInterfaceOrientations_iPad = "UIInterfaceOrientationPortrait UIInterfaceOrientationPortraitUpsideDown UIInterfaceOrientationLandscapeLeft UIInterfaceOrientationLandscapeRight";
				INFOPLIST_KEY_UISupportedInterfaceOrientations_iPhone = "UIInterfaceOrientationPortrait UIInterfaceOrientationLandscapeLeft UIInterfaceOrientationLandscapeRight";
				IPHONEOS_DEPLOYMENT_TARGET = 15.0;
				LD_RUNPATH_SEARCH_PATHS = (
					"$(inherited)",
					"@executable_path/Frameworks",
				);
				MARKETING_VERSION = 1.0;
				PRODUCT_BUNDLE_IDENTIFIER = xyz.chroniclesync.safari;
				PRODUCT_NAME = ChronicleSync;
				SDKROOT = iphoneos;
				SWIFT_EMIT_LOC_STRINGS = YES;
				SWIFT_VERSION = 5.0;
				TARGETED_DEVICE_FAMILY = "1,2";
			};
			name = Debug;
		};
		1A1A1A1A1A1A1A1A1A80 /* Release */ = {
			isa = XCBuildConfiguration;
			buildSettings = {
				ALWAYS_EMBED_SWIFT_STANDARD_LIBRARIES = YES;
				ASSETCATALOG_COMPILER_APPICON_NAME = AppIcon;
				ASSETCATALOG_COMPILER_GLOBAL_ACCENT_COLOR_NAME = AccentColor;
				CODE_SIGN_STYLE = Automatic;
				CURRENT_PROJECT_VERSION = 1;
				DEVELOPMENT_TEAM = "";
				GENERATE_INFOPLIST_FILE = YES;
				INFOPLIST_FILE = iOS/Info.plist;
				INFOPLIST_KEY_CFBundleDisplayName = ChronicleSync;
				INFOPLIST_KEY_UIApplicationSupportsIndirectInputEvents = YES;
				INFOPLIST_KEY_UILaunchStoryboardName = LaunchScreen;
				INFOPLIST_KEY_UIMainStoryboardFile = Main;
				INFOPLIST_KEY_UISupportedInterfaceOrientations_iPad = "UIInterfaceOrientationPortrait UIInterfaceOrientationPortraitUpsideDown UIInterfaceOrientationLandscapeLeft UIInterfaceOrientationLandscapeRight";
				INFOPLIST_KEY_UISupportedInterfaceOrientations_iPhone = "UIInterfaceOrientationPortrait UIInterfaceOrientationLandscapeLeft UIInterfaceOrientationLandscapeRight";
				IPHONEOS_DEPLOYMENT_TARGET = 15.0;
				LD_RUNPATH_SEARCH_PATHS = (
					"$(inherited)",
					"@executable_path/Frameworks",
				);
				MARKETING_VERSION = 1.0;
				PRODUCT_BUNDLE_IDENTIFIER = xyz.chroniclesync.safari;
				PRODUCT_NAME = ChronicleSync;
				SDKROOT = iphoneos;
				SWIFT_EMIT_LOC_STRINGS = YES;
				SWIFT_VERSION = 5.0;
				TARGETED_DEVICE_FAMILY = "1,2";
				VALIDATE_PRODUCT = YES;
			};
			name = Release;
		};
		1A1A1A1A1A1A1A1A1A81 /* Debug */ = {
			isa = XCBuildConfiguration;
			buildSettings = {
				ALWAYS_EMBED_SWIFT_STANDARD_LIBRARIES = YES;
				ASSETCATALOG_COMPILER_APPICON_NAME = AppIcon;
				ASSETCATALOG_COMPILER_GLOBAL_ACCENT_COLOR_NAME = AccentColor;
				CODE_SIGN_ENTITLEMENTS = macOS/ChronicleSync.entitlements;
				CODE_SIGN_STYLE = Automatic;
				COMBINE_HIDPI_IMAGES = YES;
				CURRENT_PROJECT_VERSION = 1;
				DEVELOPMENT_TEAM = "";
				ENABLE_HARDENED_RUNTIME = YES;
				GENERATE_INFOPLIST_FILE = YES;
				INFOPLIST_FILE = macOS/Info.plist;
				INFOPLIST_KEY_CFBundleDisplayName = ChronicleSync;
				INFOPLIST_KEY_NSHumanReadableCopyright = "";
				INFOPLIST_KEY_NSMainStoryboardFile = Main;
				INFOPLIST_KEY_NSPrincipalClass = NSApplication;
				LD_RUNPATH_SEARCH_PATHS = (
					"$(inherited)",
					"@executable_path/../Frameworks",
				);
				MACOSX_DEPLOYMENT_TARGET = 12.0;
				MARKETING_VERSION = 1.0;
				PRODUCT_BUNDLE_IDENTIFIER = xyz.chroniclesync.safari;
				PRODUCT_NAME = ChronicleSync;
				SDKROOT = macosx;
				SWIFT_EMIT_LOC_STRINGS = YES;
				SWIFT_VERSION = 5.0;
			};
			name = Debug;
		};
		1A1A1A1A1A1A1A1A1A82 /* Release */ = {
			isa = XCBuildConfiguration;
			buildSettings = {
				ALWAYS_EMBED_SWIFT_STANDARD_LIBRARIES = YES;
				ASSETCATALOG_COMPILER_APPICON_NAME = AppIcon;
				ASSETCATALOG_COMPILER_GLOBAL_ACCENT_COLOR_NAME = AccentColor;
				CODE_SIGN_ENTITLEMENTS = macOS/ChronicleSync.entitlements;
				CODE_SIGN_STYLE = Automatic;
				COMBINE_HIDPI_IMAGES = YES;
				CURRENT_PROJECT_VERSION = 1;
				DEVELOPMENT_TEAM = "";
				ENABLE_HARDENED_RUNTIME = YES;
				GENERATE_INFOPLIST_FILE = YES;
				INFOPLIST_FILE = macOS/Info.plist;
				INFOPLIST_KEY_CFBundleDisplayName = ChronicleSync;
				INFOPLIST_KEY_NSHumanReadableCopyright = "";
				INFOPLIST_KEY_NSMainStoryboardFile = Main;
				INFOPLIST_KEY_NSPrincipalClass = NSApplication;
				LD_RUNPATH_SEARCH_PATHS = (
					"$(inherited)",
					"@executable_path/../Frameworks",
				);
				MACOSX_DEPLOYMENT_TARGET = 12.0;
				MARKETING_VERSION = 1.0;
				PRODUCT_BUNDLE_IDENTIFIER = xyz.chroniclesync.safari;
				PRODUCT_NAME = ChronicleSync;
				SDKROOT = macosx;
				SWIFT_EMIT_LOC_STRINGS = YES;
				SWIFT_VERSION = 5.0;
			};
			name = Release;
		};
		1A1A1A1A1A1A1A1A1A83 /* Debug */ = {
			isa = XCBuildConfiguration;
			buildSettings = {
				CODE_SIGN_STYLE = Automatic;
				CURRENT_PROJECT_VERSION = 1;
				DEVELOPMENT_TEAM = "";
				GENERATE_INFOPLIST_FILE = YES;
				INFOPLIST_FILE = "iOS Extension/Info.plist";
				INFOPLIST_KEY_CFBundleDisplayName = "ChronicleSync Extension";
				INFOPLIST_KEY_NSHumanReadableCopyright = "";
				IPHONEOS_DEPLOYMENT_TARGET = 15.0;
				LD_RUNPATH_SEARCH_PATHS = (
					"$(inherited)",
					"@executable_path/Frameworks",
					"@executable_path/../../Frameworks",
				);
				MARKETING_VERSION = 1.0;
				OTHER_LDFLAGS = (
					"-framework",
					SafariServices,
				);
				PRODUCT_BUNDLE_IDENTIFIER = xyz.chroniclesync.safari.extension;
				PRODUCT_NAME = "ChronicleSync Extension";
				SDKROOT = iphoneos;
				SKIP_INSTALL = YES;
				SWIFT_EMIT_LOC_STRINGS = YES;
				SWIFT_VERSION = 5.0;
				TARGETED_DEVICE_FAMILY = "1,2";
			};
			name = Debug;
		};
		1A1A1A1A1A1A1A1A1A84 /* Release */ = {
			isa = XCBuildConfiguration;
			buildSettings = {
				CODE_SIGN_STYLE = Automatic;
				CURRENT_PROJECT_VERSION = 1;
				DEVELOPMENT_TEAM = "";
				GENERATE_INFOPLIST_FILE = YES;
				INFOPLIST_FILE = "iOS Extension/Info.plist";
				INFOPLIST_KEY_CFBundleDisplayName = "ChronicleSync Extension";
				INFOPLIST_KEY_NSHumanReadableCopyright = "";
				IPHONEOS_DEPLOYMENT_TARGET = 15.0;
				LD_RUNPATH_SEARCH_PATHS = (
					"$(inherited)",
					"@executable_path/Frameworks",
					"@executable_path/../../Frameworks",
				);
				MARKETING_VERSION = 1.0;
				OTHER_LDFLAGS = (
					"-framework",
					SafariServices,
				);
				PRODUCT_BUNDLE_IDENTIFIER = xyz.chroniclesync.safari.extension;
				PRODUCT_NAME = "ChronicleSync Extension";
				SDKROOT = iphoneos;
				SKIP_INSTALL = YES;
				SWIFT_EMIT_LOC_STRINGS = YES;
				SWIFT_VERSION = 5.0;
				TARGETED_DEVICE_FAMILY = "1,2";
				VALIDATE_PRODUCT = YES;
			};
			name = Release;
		};
		1A1A1A1A1A1A1A1A1A85 /* Debug */ = {
			isa = XCBuildConfiguration;
			buildSettings = {
				CODE_SIGN_ENTITLEMENTS = "macOS Extension/ChronicleSync Extension.entitlements";
				CODE_SIGN_STYLE = Automatic;
				CURRENT_PROJECT_VERSION = 1;
				DEVELOPMENT_TEAM = "";
				ENABLE_HARDENED_RUNTIME = YES;
				GENERATE_INFOPLIST_FILE = YES;
				INFOPLIST_FILE = "macOS Extension/Info.plist";
				INFOPLIST_KEY_CFBundleDisplayName = "ChronicleSync Extension";
				INFOPLIST_KEY_NSHumanReadableCopyright = "";
				LD_RUNPATH_SEARCH_PATHS = (
					"$(inherited)",
					"@executable_path/../Frameworks",
					"@executable_path/../../../../Frameworks",
				);
				MACOSX_DEPLOYMENT_TARGET = 12.0;
				MARKETING_VERSION = 1.0;
				OTHER_LDFLAGS = (
					"-framework",
					SafariServices,
				);
				PRODUCT_BUNDLE_IDENTIFIER = xyz.chroniclesync.safari.extension;
				PRODUCT_NAME = "ChronicleSync Extension";
				SDKROOT = macosx;
				SKIP_INSTALL = YES;
				SWIFT_EMIT_LOC_STRINGS = YES;
				SWIFT_VERSION = 5.0;
			};
			name = Debug;
		};
		1A1A1A1A1A1A1A1A1A86 /* Release */ = {
			isa = XCBuildConfiguration;
			buildSettings = {
				CODE_SIGN_ENTITLEMENTS = "macOS Extension/ChronicleSync Extension.entitlements";
				CODE_SIGN_STYLE = Automatic;
				CURRENT_PROJECT_VERSION = 1;
				DEVELOPMENT_TEAM = "";
				ENABLE_HARDENED_RUNTIME = YES;
				GENERATE_INFOPLIST_FILE = YES;
				INFOPLIST_FILE = "macOS Extension/Info.plist";
				INFOPLIST_KEY_CFBundleDisplayName = "ChronicleSync Extension";
				INFOPLIST_KEY_NSHumanReadableCopyright = "";
				LD_RUNPATH_SEARCH_PATHS = (
					"$(inherited)",
					"@executable_path/../Frameworks",
					"@executable_path/../../../../Frameworks",
				);
				MACOSX_DEPLOYMENT_TARGET = 12.0;
				MARKETING_VERSION = 1.0;
				OTHER_LDFLAGS = (
					"-framework",
					SafariServices,
				);
				PRODUCT_BUNDLE_IDENTIFIER = xyz.chroniclesync.safari.extension;
				PRODUCT_NAME = "ChronicleSync Extension";
				SDKROOT = macosx;
				SKIP_INSTALL = YES;
				SWIFT_EMIT_LOC_STRINGS = YES;
				SWIFT_VERSION = 5.0;
			};
			name = Release;
		};
		1A1A1A1A1A1A1A1A1A87 /* Debug */ = {
			isa = XCBuildConfiguration;
			buildSettings = {
				BUNDLE_LOADER = "$(TEST_HOST)";
				CODE_SIGN_STYLE = Automatic;
				CURRENT_PROJECT_VERSION = 1;
				DEVELOPMENT_TEAM = "";
				GENERATE_INFOPLIST_FILE = YES;
				IPHONEOS_DEPLOYMENT_TARGET = 15.0;
				MARKETING_VERSION = 1.0;
				PRODUCT_BUNDLE_IDENTIFIER = "xyz.chroniclesync.safari.ios-tests";
				PRODUCT_NAME = "$(TARGET_NAME)";
				SDKROOT = iphoneos;
				SWIFT_EMIT_LOC_STRINGS = NO;
				SWIFT_VERSION = 5.0;
				TARGETED_DEVICE_FAMILY = "1,2";
				TEST_HOST = "$(BUILT_PRODUCTS_DIR)/ChronicleSync.app/$(BUNDLE_EXECUTABLE_FOLDER_PATH)/ChronicleSync";
			};
			name = Debug;
		};
		1A1A1A1A1A1A1A1A1A88 /* Release */ = {
			isa = XCBuildConfiguration;
			buildSettings = {
				BUNDLE_LOADER = "$(TEST_HOST)";
				CODE_SIGN_STYLE = Automatic;
				CURRENT_PROJECT_VERSION = 1;
				DEVELOPMENT_TEAM = "";
				GENERATE_INFOPLIST_FILE = YES;
				IPHONEOS_DEPLOYMENT_TARGET = 15.0;
				MARKETING_VERSION = 1.0;
				PRODUCT_BUNDLE_IDENTIFIER = "xyz.chroniclesync.safari.ios-tests";
				PRODUCT_NAME = "$(TARGET_NAME)";
				SDKROOT = iphoneos;
				SWIFT_EMIT_LOC_STRINGS = NO;
				SWIFT_VERSION = 5.0;
				TARGETED_DEVICE_FAMILY = "1,2";
				TEST_HOST = "$(BUILT_PRODUCTS_DIR)/ChronicleSync.app/$(BUNDLE_EXECUTABLE_FOLDER_PATH)/ChronicleSync";
				VALIDATE_PRODUCT = YES;
			};
			name = Release;
		};
		1A1A1A1A1A1A1A1A1A89 /* Debug */ = {
			isa = XCBuildConfiguration;
			buildSettings = {
				BUNDLE_LOADER = "$(TEST_HOST)";
				CODE_SIGN_STYLE = Automatic;
				CURRENT_PROJECT_VERSION = 1;
				DEVELOPMENT_TEAM = "";
				GENERATE_INFOPLIST_FILE = YES;
				MACOSX_DEPLOYMENT_TARGET = 12.0;
				MARKETING_VERSION = 1.0;
				PRODUCT_BUNDLE_IDENTIFIER = "xyz.chroniclesync.safari.macos-tests";
				PRODUCT_NAME = "$(TARGET_NAME)";
				SDKROOT = macosx;
				SWIFT_EMIT_LOC_STRINGS = NO;
				SWIFT_VERSION = 5.0;
				TEST_HOST = "$(BUILT_PRODUCTS_DIR)/ChronicleSync.app/$(BUNDLE_EXECUTABLE_FOLDER_PATH)/ChronicleSync";
			};
			name = Debug;
		};
		1A1A1A1A1A1A1A1A1A8A /* Release */ = {
			isa = XCBuildConfiguration;
			buildSettings = {
				BUNDLE_LOADER = "$(TEST_HOST)";
				CODE_SIGN_STYLE = Automatic;
				CURRENT_PROJECT_VERSION = 1;
				DEVELOPMENT_TEAM = "";
				GENERATE_INFOPLIST_FILE = YES;
				MACOSX_DEPLOYMENT_TARGET = 12.0;
				MARKETING_VERSION = 1.0;
				PRODUCT_BUNDLE_IDENTIFIER = "xyz.chroniclesync.safari.macos-tests";
				PRODUCT_NAME = "$(TARGET_NAME)";
				SDKROOT = macosx;
				SWIFT_EMIT_LOC_STRINGS = NO;
				SWIFT_VERSION = 5.0;
				TEST_HOST = "$(BUILT_PRODUCTS_DIR)/ChronicleSync.app/$(BUNDLE_EXECUTABLE_FOLDER_PATH)/ChronicleSync";
			};
			name = Release;
		};
/* End XCBuildConfiguration section */

/* Begin XCConfigurationList section */
		1A1A1A1A1A1A1A1A1A64 /* Build configuration list for PBXNativeTarget "ChronicleSync (iOS)" */ = {
			isa = XCConfigurationList;
			buildConfigurations = (
				1A1A1A1A1A1A1A1A1A7F /* Debug */,
				1A1A1A1A1A1A1A1A1A80 /* Release */,
			);
			defaultConfigurationIsVisible = 0;
			defaultConfigurationName = Release;
		};
		1A1A1A1A1A1A1A1A1A68 /* Build configuration list for PBXNativeTarget "ChronicleSync (macOS)" */ = {
			isa = XCConfigurationList;
			buildConfigurations = (
				1A1A1A1A1A1A1A1A1A81 /* Debug */,
				1A1A1A1A1A1A1A1A1A82 /* Release */,
			);
			defaultConfigurationIsVisible = 0;
			defaultConfigurationName = Release;
		};
		1A1A1A1A1A1A1A1A1A6C /* Build configuration list for PBXNativeTarget "ChronicleSync Extension (iOS)" */ = {
			isa = XCConfigurationList;
			buildConfigurations = (
				1A1A1A1A1A1A1A1A1A83 /* Debug */,
				1A1A1A1A1A1A1A1A1A84 /* Release */,
			);
			defaultConfigurationIsVisible = 0;
			defaultConfigurationName = Release;
		};
		1A1A1A1A1A1A1A1A1A6F /* Build configuration list for PBXNativeTarget "ChronicleSync Extension (macOS)" */ = {
			isa = XCConfigurationList;
			buildConfigurations = (
				1A1A1A1A1A1A1A1A1A85 /* Debug */,
				1A1A1A1A1A1A1A1A1A86 /* Release */,
			);
			defaultConfigurationIsVisible = 0;
			defaultConfigurationName = Release;
		};
		1A1A1A1A1A1A1A1A1A73 /* Build configuration list for PBXNativeTarget "ChronicleSync iOS Tests" */ = {
			isa = XCConfigurationList;
			buildConfigurations = (
				1A1A1A1A1A1A1A1A1A87 /* Debug */,
				1A1A1A1A1A1A1A1A1A88 /* Release */,
			);
			defaultConfigurationIsVisible = 0;
			defaultConfigurationName = Release;
		};
		1A1A1A1A1A1A1A1A1A78 /* Build configuration list for PBXNativeTarget "ChronicleSync macOS Tests" */ = {
			isa = XCConfigurationList;
			buildConfigurations = (
				1A1A1A1A1A1A1A1A1A89 /* Debug */,
				1A1A1A1A1A1A1A1A1A8A /* Release */,
			);
			defaultConfigurationIsVisible = 0;
			defaultConfigurationName = Release;
		};
		1A1A1A1A1A1A1A1A1A7C /* Build configuration list for PBXProject "ChronicleSync" */ = {
			isa = XCConfigurationList;
			buildConfigurations = (
				1A1A1A1A1A1A1A1A1A7D /* Debug */,
				1A1A1A1A1A1A1A1A1A7E /* Release */,
			);
			defaultConfigurationIsVisible = 0;
			defaultConfigurationName = Release;
		};
/* End XCConfigurationList section */
	};
	rootObject = 1A1A1A1A1A1A1A1A1A3F /* Project object */;
}