// !$*UTF8*$!
{
	archiveVersion = 1;
	classes = {
	};
	objectVersion = 56;
	objects = {

/* Begin PBXBuildFile section */
		1A2B3C4D5E6F7A8B9C0D1E2F /* Assets.xcassets in Resources */ = {isa = PBXBuildFile; fileRef = 1A2B3C4D5E6F7A8B9C0D1E3F /* Assets.xcassets */; };
		1A2B3C4D5E6F7A8B9C0D1E3A /* Preview Assets.xcassets in Resources */ = {isa = PBXBuildFile; fileRef = 1A2B3C4D5E6F7A8B9C0D1E3B /* Preview Assets.xcassets */; };
		1A2B3C4D5E6F7A8B9C0D1E3C /* ChronicleSync.swift in Sources */ = {isa = PBXBuildFile; fileRef = 1A2B3C4D5E6F7A8B9C0D1E3D /* ChronicleSync.swift */; };
		1A2B3C4D5E6F7A8B9C0D1E40 /* ContentView.swift in Sources */ = {isa = PBXBuildFile; fileRef = 1A2B3C4D5E6F7A8B9C0D1E41 /* ContentView.swift */; };
		1A2B3C4D5E6F7A8B9C0D1E42 /* SafariWebExtensionHandler.swift in Sources */ = {isa = PBXBuildFile; fileRef = 1A2B3C4D5E6F7A8B9C0D1E43 /* SafariWebExtensionHandler.swift */; };
		1A2B3C4D5E6F7A8B9C0D1E44 /* background.js in Resources */ = {isa = PBXBuildFile; fileRef = 1A2B3C4D5E6F7A8B9C0D1E45 /* background.js */; };
		1A2B3C4D5E6F7A8B9C0D1E46 /* content-script.js in Resources */ = {isa = PBXBuildFile; fileRef = 1A2B3C4D5E6F7A8B9C0D1E47 /* content-script.js */; };
		1A2B3C4D5E6F7A8B9C0D1E48 /* popup.html in Resources */ = {isa = PBXBuildFile; fileRef = 1A2B3C4D5E6F7A8B9C0D1E49 /* popup.html */; };
		1A2B3C4D5E6F7A8B9C0D1E4A /* popup.js in Resources */ = {isa = PBXBuildFile; fileRef = 1A2B3C4D5E6F7A8B9C0D1E4B /* popup.js */; };
		1A2B3C4D5E6F7A8B9C0D1E4C /* popup.css in Resources */ = {isa = PBXBuildFile; fileRef = 1A2B3C4D5E6F7A8B9C0D1E4D /* popup.css */; };
		1A2B3C4D5E6F7A8B9C0D1E4E /* settings.html in Resources */ = {isa = PBXBuildFile; fileRef = 1A2B3C4D5E6F7A8B9C0D1E4F /* settings.html */; };
		1A2B3C4D5E6F7A8B9C0D1E50 /* settings.js in Resources */ = {isa = PBXBuildFile; fileRef = 1A2B3C4D5E6F7A8B9C0D1E51 /* settings.js */; };
		1A2B3C4D5E6F7A8B9C0D1E52 /* settings.css in Resources */ = {isa = PBXBuildFile; fileRef = 1A2B3C4D5E6F7A8B9C0D1E53 /* settings.css */; };
		1A2B3C4D5E6F7A8B9C0D1E54 /* history.html in Resources */ = {isa = PBXBuildFile; fileRef = 1A2B3C4D5E6F7A8B9C0D1E55 /* history.html */; };
		1A2B3C4D5E6F7A8B9C0D1E56 /* history.js in Resources */ = {isa = PBXBuildFile; fileRef = 1A2B3C4D5E6F7A8B9C0D1E57 /* history.js */; };
		1A2B3C4D5E6F7A8B9C0D1E58 /* history.css in Resources */ = {isa = PBXBuildFile; fileRef = 1A2B3C4D5E6F7A8B9C0D1E59 /* history.css */; };
		1A2B3C4D5E6F7A8B9C0D1E5A /* manifest.json in Resources */ = {isa = PBXBuildFile; fileRef = 1A2B3C4D5E6F7A8B9C0D1E5B /* manifest.json */; };
		1A2B3C4D5E6F7A8B9C0D1E5C /* ChronicleSync Extension.appex in Embed Foundation Extensions */ = {isa = PBXBuildFile; fileRef = 1A2B3C4D5E6F7A8B9C0D1E5D /* ChronicleSync Extension.appex */; settings = {ATTRIBUTES = (RemoveHeadersOnCopy, ); }; };
		1A2B3C4D5E6F7A8B9C0D1E5E /* ChronicleSync Tests.swift in Sources */ = {isa = PBXBuildFile; fileRef = 1A2B3C4D5E6F7A8B9C0D1E5F /* ChronicleSync Tests.swift */; };
		1A2B3C4D5E6F7A8B9C0D1E60 /* ChronicleSync UITests.swift in Sources */ = {isa = PBXBuildFile; fileRef = 1A2B3C4D5E6F7A8B9C0D1E61 /* ChronicleSync UITests.swift */; };
/* End PBXBuildFile section */

/* Begin PBXContainerItemProxy section */
		1A2B3C4D5E6F7A8B9C0D1E62 /* PBXContainerItemProxy */ = {
			isa = PBXContainerItemProxy;
			containerPortal = 1A2B3C4D5E6F7A8B9C0D1E63 /* Project object */;
			proxyType = 1;
			remoteGlobalIDString = 1A2B3C4D5E6F7A8B9C0D1E64;
			remoteInfo = "ChronicleSync Extension";
		};
		1A2B3C4D5E6F7A8B9C0D1E65 /* PBXContainerItemProxy */ = {
			isa = PBXContainerItemProxy;
			containerPortal = 1A2B3C4D5E6F7A8B9C0D1E63 /* Project object */;
			proxyType = 1;
			remoteGlobalIDString = 1A2B3C4D5E6F7A8B9C0D1E66;
			remoteInfo = ChronicleSync;
		};
		1A2B3C4D5E6F7A8B9C0D1E67 /* PBXContainerItemProxy */ = {
			isa = PBXContainerItemProxy;
			containerPortal = 1A2B3C4D5E6F7A8B9C0D1E63 /* Project object */;
			proxyType = 1;
			remoteGlobalIDString = 1A2B3C4D5E6F7A8B9C0D1E66;
			remoteInfo = ChronicleSync;
		};
/* End PBXContainerItemProxy section */

/* Begin PBXCopyFilesBuildPhase section */
		1A2B3C4D5E6F7A8B9C0D1E68 /* Embed Foundation Extensions */ = {
			isa = PBXCopyFilesBuildPhase;
			buildActionMask = 2147483647;
			dstPath = "";
			dstSubfolderSpec = 13;
			files = (
				1A2B3C4D5E6F7A8B9C0D1E5C /* ChronicleSync Extension.appex in Embed Foundation Extensions */,
			);
			name = "Embed Foundation Extensions";
			runOnlyForDeploymentPostprocessing = 0;
		};
/* End PBXCopyFilesBuildPhase section */

/* Begin PBXFileReference section */
		1A2B3C4D5E6F7A8B9C0D1E3B /* Preview Assets.xcassets */ = {isa = PBXFileReference; lastKnownFileType = folder.assetcatalog; path = "Preview Assets.xcassets"; sourceTree = "<group>"; };
		1A2B3C4D5E6F7A8B9C0D1E3D /* ChronicleSync.swift */ = {isa = PBXFileReference; lastKnownFileType = sourcecode.swift; path = ChronicleSync.swift; sourceTree = "<group>"; };
		1A2B3C4D5E6F7A8B9C0D1E3F /* Assets.xcassets */ = {isa = PBXFileReference; lastKnownFileType = folder.assetcatalog; path = Assets.xcassets; sourceTree = "<group>"; };
		1A2B3C4D5E6F7A8B9C0D1E41 /* ContentView.swift */ = {isa = PBXFileReference; lastKnownFileType = sourcecode.swift; path = ContentView.swift; sourceTree = "<group>"; };
		1A2B3C4D5E6F7A8B9C0D1E43 /* SafariWebExtensionHandler.swift */ = {isa = PBXFileReference; lastKnownFileType = sourcecode.swift; path = SafariWebExtensionHandler.swift; sourceTree = "<group>"; };
		1A2B3C4D5E6F7A8B9C0D1E45 /* background.js */ = {isa = PBXFileReference; lastKnownFileType = sourcecode.javascript; path = background.js; sourceTree = "<group>"; };
		1A2B3C4D5E6F7A8B9C0D1E47 /* content-script.js */ = {isa = PBXFileReference; lastKnownFileType = sourcecode.javascript; path = "content-script.js"; sourceTree = "<group>"; };
		1A2B3C4D5E6F7A8B9C0D1E49 /* popup.html */ = {isa = PBXFileReference; lastKnownFileType = text.html; path = popup.html; sourceTree = "<group>"; };
		1A2B3C4D5E6F7A8B9C0D1E4B /* popup.js */ = {isa = PBXFileReference; lastKnownFileType = sourcecode.javascript; path = popup.js; sourceTree = "<group>"; };
		1A2B3C4D5E6F7A8B9C0D1E4D /* popup.css */ = {isa = PBXFileReference; lastKnownFileType = text.css; path = popup.css; sourceTree = "<group>"; };
		1A2B3C4D5E6F7A8B9C0D1E4F /* settings.html */ = {isa = PBXFileReference; lastKnownFileType = text.html; path = settings.html; sourceTree = "<group>"; };
		1A2B3C4D5E6F7A8B9C0D1E51 /* settings.js */ = {isa = PBXFileReference; lastKnownFileType = sourcecode.javascript; path = settings.js; sourceTree = "<group>"; };
		1A2B3C4D5E6F7A8B9C0D1E53 /* settings.css */ = {isa = PBXFileReference; lastKnownFileType = text.css; path = settings.css; sourceTree = "<group>"; };
		1A2B3C4D5E6F7A8B9C0D1E55 /* history.html */ = {isa = PBXFileReference; lastKnownFileType = text.html; path = history.html; sourceTree = "<group>"; };
		1A2B3C4D5E6F7A8B9C0D1E57 /* history.js */ = {isa = PBXFileReference; lastKnownFileType = sourcecode.javascript; path = history.js; sourceTree = "<group>"; };
		1A2B3C4D5E6F7A8B9C0D1E59 /* history.css */ = {isa = PBXFileReference; lastKnownFileType = text.css; path = history.css; sourceTree = "<group>"; };
		1A2B3C4D5E6F7A8B9C0D1E5B /* manifest.json */ = {isa = PBXFileReference; lastKnownFileType = text.json; path = manifest.json; sourceTree = "<group>"; };
		1A2B3C4D5E6F7A8B9C0D1E5D /* ChronicleSync Extension.appex */ = {isa = PBXFileReference; explicitFileType = "wrapper.app-extension"; includeInIndex = 0; path = "ChronicleSync Extension.appex"; sourceTree = BUILT_PRODUCTS_DIR; };
		1A2B3C4D5E6F7A8B9C0D1E5F /* ChronicleSync Tests.swift */ = {isa = PBXFileReference; lastKnownFileType = sourcecode.swift; path = "ChronicleSync Tests.swift"; sourceTree = "<group>"; };
		1A2B3C4D5E6F7A8B9C0D1E61 /* ChronicleSync UITests.swift */ = {isa = PBXFileReference; lastKnownFileType = sourcecode.swift; path = "ChronicleSync UITests.swift"; sourceTree = "<group>"; };
		1A2B3C4D5E6F7A8B9C0D1E69 /* ChronicleSync.app */ = {isa = PBXFileReference; explicitFileType = wrapper.application; includeInIndex = 0; path = ChronicleSync.app; sourceTree = BUILT_PRODUCTS_DIR; };
		1A2B3C4D5E6F7A8B9C0D1E6A /* ChronicleSync Tests.xctest */ = {isa = PBXFileReference; explicitFileType = wrapper.cfbundle; includeInIndex = 0; path = "ChronicleSync Tests.xctest"; sourceTree = BUILT_PRODUCTS_DIR; };
		1A2B3C4D5E6F7A8B9C0D1E6B /* ChronicleSync UITests.xctest */ = {isa = PBXFileReference; explicitFileType = wrapper.cfbundle; includeInIndex = 0; path = "ChronicleSync UITests.xctest"; sourceTree = BUILT_PRODUCTS_DIR; };
		1A2B3C4D5E6F7A8B9C0D1E6C /* Info.plist */ = {isa = PBXFileReference; lastKnownFileType = text.plist.xml; path = Info.plist; sourceTree = "<group>"; };
		1A2B3C4D5E6F7A8B9C0D1E6D /* ChronicleSync.entitlements */ = {isa = PBXFileReference; lastKnownFileType = text.plist.entitlements; path = ChronicleSync.entitlements; sourceTree = "<group>"; };
		1A2B3C4D5E6F7A8B9C0D1E6E /* ChronicleSync Extension.entitlements */ = {isa = PBXFileReference; lastKnownFileType = text.plist.entitlements; path = "ChronicleSync Extension.entitlements"; sourceTree = "<group>"; };
/* End PBXFileReference section */

/* Begin PBXFrameworksBuildPhase section */
		1A2B3C4D5E6F7A8B9C0D1E6F /* Frameworks */ = {
			isa = PBXFrameworksBuildPhase;
			buildActionMask = 2147483647;
			files = (
			);
			runOnlyForDeploymentPostprocessing = 0;
		};
		1A2B3C4D5E6F7A8B9C0D1E70 /* Frameworks */ = {
			isa = PBXFrameworksBuildPhase;
			buildActionMask = 2147483647;
			files = (
			);
			runOnlyForDeploymentPostprocessing = 0;
		};
		1A2B3C4D5E6F7A8B9C0D1E71 /* Frameworks */ = {
			isa = PBXFrameworksBuildPhase;
			buildActionMask = 2147483647;
			files = (
			);
			runOnlyForDeploymentPostprocessing = 0;
		};
		1A2B3C4D5E6F7A8B9C0D1E72 /* Frameworks */ = {
			isa = PBXFrameworksBuildPhase;
			buildActionMask = 2147483647;
			files = (
			);
			runOnlyForDeploymentPostprocessing = 0;
		};
/* End PBXFrameworksBuildPhase section */

/* Begin PBXGroup section */
		1A2B3C4D5E6F7A8B9C0D1E73 = {
			isa = PBXGroup;
			children = (
				1A2B3C4D5E6F7A8B9C0D1E74 /* ChronicleSync */,
				1A2B3C4D5E6F7A8B9C0D1E75 /* ChronicleSync Extension */,
				1A2B3C4D5E6F7A8B9C0D1E76 /* ChronicleSync Tests */,
				1A2B3C4D5E6F7A8B9C0D1E77 /* ChronicleSync UITests */,
				1A2B3C4D5E6F7A8B9C0D1E78 /* Products */,
			);
			sourceTree = "<group>";
		};
		1A2B3C4D5E6F7A8B9C0D1E74 /* ChronicleSync */ = {
			isa = PBXGroup;
			children = (
				1A2B3C4D5E6F7A8B9C0D1E3D /* ChronicleSync.swift */,
				1A2B3C4D5E6F7A8B9C0D1E41 /* ContentView.swift */,
				1A2B3C4D5E6F7A8B9C0D1E3F /* Assets.xcassets */,
				1A2B3C4D5E6F7A8B9C0D1E6C /* Info.plist */,
				1A2B3C4D5E6F7A8B9C0D1E6D /* ChronicleSync.entitlements */,
				1A2B3C4D5E6F7A8B9C0D1E79 /* Preview Content */,
			);
			path = ChronicleSync;
			sourceTree = "<group>";
		};
		1A2B3C4D5E6F7A8B9C0D1E75 /* ChronicleSync Extension */ = {
			isa = PBXGroup;
			children = (
				1A2B3C4D5E6F7A8B9C0D1E43 /* SafariWebExtensionHandler.swift */,
				1A2B3C4D5E6F7A8B9C0D1E6E /* ChronicleSync Extension.entitlements */,
				1A2B3C4D5E6F7A8B9C0D1E7A /* Resources */,
			);
			path = "ChronicleSync Extension";
			sourceTree = "<group>";
		};
		1A2B3C4D5E6F7A8B9C0D1E76 /* ChronicleSync Tests */ = {
			isa = PBXGroup;
			children = (
				1A2B3C4D5E6F7A8B9C0D1E5F /* ChronicleSync Tests.swift */,
			);
			path = "ChronicleSync Tests";
			sourceTree = "<group>";
		};
		1A2B3C4D5E6F7A8B9C0D1E77 /* ChronicleSync UITests */ = {
			isa = PBXGroup;
			children = (
				1A2B3C4D5E6F7A8B9C0D1E61 /* ChronicleSync UITests.swift */,
			);
			path = "ChronicleSync UITests";
			sourceTree = "<group>";
		};
		1A2B3C4D5E6F7A8B9C0D1E78 /* Products */ = {
			isa = PBXGroup;
			children = (
				1A2B3C4D5E6F7A8B9C0D1E69 /* ChronicleSync.app */,
				1A2B3C4D5E6F7A8B9C0D1E5D /* ChronicleSync Extension.appex */,
				1A2B3C4D5E6F7A8B9C0D1E6A /* ChronicleSync Tests.xctest */,
				1A2B3C4D5E6F7A8B9C0D1E6B /* ChronicleSync UITests.xctest */,
			);
			name = Products;
			sourceTree = "<group>";
		};
		1A2B3C4D5E6F7A8B9C0D1E79 /* Preview Content */ = {
			isa = PBXGroup;
			children = (
				1A2B3C4D5E6F7A8B9C0D1E3B /* Preview Assets.xcassets */,
			);
			path = "Preview Content";
			sourceTree = "<group>";
		};
		1A2B3C4D5E6F7A8B9C0D1E7A /* Resources */ = {
			isa = PBXGroup;
			children = (
				1A2B3C4D5E6F7A8B9C0D1E45 /* background.js */,
				1A2B3C4D5E6F7A8B9C0D1E47 /* content-script.js */,
				1A2B3C4D5E6F7A8B9C0D1E49 /* popup.html */,
				1A2B3C4D5E6F7A8B9C0D1E4B /* popup.js */,
				1A2B3C4D5E6F7A8B9C0D1E4D /* popup.css */,
				1A2B3C4D5E6F7A8B9C0D1E4F /* settings.html */,
				1A2B3C4D5E6F7A8B9C0D1E51 /* settings.js */,
				1A2B3C4D5E6F7A8B9C0D1E53 /* settings.css */,
				1A2B3C4D5E6F7A8B9C0D1E55 /* history.html */,
				1A2B3C4D5E6F7A8B9C0D1E57 /* history.js */,
				1A2B3C4D5E6F7A8B9C0D1E59 /* history.css */,
				1A2B3C4D5E6F7A8B9C0D1E5B /* manifest.json */,
			);
			path = Resources;
			sourceTree = "<group>";
		};
/* End PBXGroup section */

/* Begin PBXNativeTarget section */
		1A2B3C4D5E6F7A8B9C0D1E64 /* ChronicleSync Extension */ = {
			isa = PBXNativeTarget;
			buildConfigurationList = 1A2B3C4D5E6F7A8B9C0D1E7B /* Build configuration list for PBXNativeTarget "ChronicleSync Extension" */;
			buildPhases = (
				1A2B3C4D5E6F7A8B9C0D1E7C /* Sources */,
				1A2B3C4D5E6F7A8B9C0D1E70 /* Frameworks */,
				1A2B3C4D5E6F7A8B9C0D1E7D /* Resources */,
			);
			buildRules = (
			);
			dependencies = (
			);
			name = "ChronicleSync Extension";
			productName = "ChronicleSync Extension";
			productReference = 1A2B3C4D5E6F7A8B9C0D1E5D /* ChronicleSync Extension.appex */;
			productType = "com.apple.product-type.app-extension";
		};
		1A2B3C4D5E6F7A8B9C0D1E66 /* ChronicleSync */ = {
			isa = PBXNativeTarget;
			buildConfigurationList = 1A2B3C4D5E6F7A8B9C0D1E7E /* Build configuration list for PBXNativeTarget "ChronicleSync" */;
			buildPhases = (
				1A2B3C4D5E6F7A8B9C0D1E7F /* Sources */,
				1A2B3C4D5E6F7A8B9C0D1E6F /* Frameworks */,
				1A2B3C4D5E6F7A8B9C0D1E80 /* Resources */,
				1A2B3C4D5E6F7A8B9C0D1E68 /* Embed Foundation Extensions */,
			);
			buildRules = (
			);
			dependencies = (
				1A2B3C4D5E6F7A8B9C0D1E81 /* PBXTargetDependency */,
			);
			name = ChronicleSync;
			productName = ChronicleSync;
			productReference = 1A2B3C4D5E6F7A8B9C0D1E69 /* ChronicleSync.app */;
			productType = "com.apple.product-type.application";
		};
		1A2B3C4D5E6F7A8B9C0D1E82 /* ChronicleSync Tests */ = {
			isa = PBXNativeTarget;
			buildConfigurationList = 1A2B3C4D5E6F7A8B9C0D1E83 /* Build configuration list for PBXNativeTarget "ChronicleSync Tests" */;
			buildPhases = (
				1A2B3C4D5E6F7A8B9C0D1E84 /* Sources */,
				1A2B3C4D5E6F7A8B9C0D1E71 /* Frameworks */,
				1A2B3C4D5E6F7A8B9C0D1E85 /* Resources */,
			);
			buildRules = (
			);
			dependencies = (
				1A2B3C4D5E6F7A8B9C0D1E86 /* PBXTargetDependency */,
			);
			name = "ChronicleSync Tests";
			productName = "ChronicleSync Tests";
			productReference = 1A2B3C4D5E6F7A8B9C0D1E6A /* ChronicleSync Tests.xctest */;
			productType = "com.apple.product-type.bundle.unit-test";
		};
		1A2B3C4D5E6F7A8B9C0D1E87 /* ChronicleSync UITests */ = {
			isa = PBXNativeTarget;
			buildConfigurationList = 1A2B3C4D5E6F7A8B9C0D1E88 /* Build configuration list for PBXNativeTarget "ChronicleSync UITests" */;
			buildPhases = (
				1A2B3C4D5E6F7A8B9C0D1E89 /* Sources */,
				1A2B3C4D5E6F7A8B9C0D1E72 /* Frameworks */,
				1A2B3C4D5E6F7A8B9C0D1E8A /* Resources */,
			);
			buildRules = (
			);
			dependencies = (
				1A2B3C4D5E6F7A8B9C0D1E8B /* PBXTargetDependency */,
			);
			name = "ChronicleSync UITests";
			productName = "ChronicleSync UITests";
			productReference = 1A2B3C4D5E6F7A8B9C0D1E6B /* ChronicleSync UITests.xctest */;
			productType = "com.apple.product-type.bundle.ui-testing";
		};
/* End PBXNativeTarget section */

/* Begin PBXProject section */
		1A2B3C4D5E6F7A8B9C0D1E63 /* Project object */ = {
			isa = PBXProject;
			attributes = {
				BuildIndependentTargetsInParallel = 1;
				LastSwiftUpdateCheck = 1530;
				LastUpgradeCheck = 1530;
				TargetAttributes = {
					1A2B3C4D5E6F7A8B9C0D1E64 = {
						CreatedOnToolsVersion = 15.3;
					};
					1A2B3C4D5E6F7A8B9C0D1E66 = {
						CreatedOnToolsVersion = 15.3;
					};
					1A2B3C4D5E6F7A8B9C0D1E82 = {
						CreatedOnToolsVersion = 15.3;
						TestTargetID = 1A2B3C4D5E6F7A8B9C0D1E66;
					};
					1A2B3C4D5E6F7A8B9C0D1E87 = {
						CreatedOnToolsVersion = 15.3;
						TestTargetID = 1A2B3C4D5E6F7A8B9C0D1E66;
					};
				};
			};
			buildConfigurationList = 1A2B3C4D5E6F7A8B9C0D1E8C /* Build configuration list for PBXProject "ChronicleSync" */;
			compatibilityVersion = "Xcode 14.0";
			developmentRegion = en;
			hasScannedForEncodings = 0;
			knownRegions = (
				en,
				Base,
			);
			mainGroup = 1A2B3C4D5E6F7A8B9C0D1E73;
			productRefGroup = 1A2B3C4D5E6F7A8B9C0D1E78 /* Products */;
			projectDirPath = "";
			projectRoot = "";
			targets = (
				1A2B3C4D5E6F7A8B9C0D1E66 /* ChronicleSync */,
				1A2B3C4D5E6F7A8B9C0D1E64 /* ChronicleSync Extension */,
				1A2B3C4D5E6F7A8B9C0D1E82 /* ChronicleSync Tests */,
				1A2B3C4D5E6F7A8B9C0D1E87 /* ChronicleSync UITests */,
			);
		};
/* End PBXProject section */

/* Begin PBXResourcesBuildPhase section */
		1A2B3C4D5E6F7A8B9C0D1E7D /* Resources */ = {
			isa = PBXResourcesBuildPhase;
			buildActionMask = 2147483647;
			files = (
				1A2B3C4D5E6F7A8B9C0D1E44 /* background.js in Resources */,
				1A2B3C4D5E6F7A8B9C0D1E46 /* content-script.js in Resources */,
				1A2B3C4D5E6F7A8B9C0D1E48 /* popup.html in Resources */,
				1A2B3C4D5E6F7A8B9C0D1E4A /* popup.js in Resources */,
				1A2B3C4D5E6F7A8B9C0D1E4C /* popup.css in Resources */,
				1A2B3C4D5E6F7A8B9C0D1E4E /* settings.html in Resources */,
				1A2B3C4D5E6F7A8B9C0D1E50 /* settings.js in Resources */,
				1A2B3C4D5E6F7A8B9C0D1E52 /* settings.css in Resources */,
				1A2B3C4D5E6F7A8B9C0D1E54 /* history.html in Resources */,
				1A2B3C4D5E6F7A8B9C0D1E56 /* history.js in Resources */,
				1A2B3C4D5E6F7A8B9C0D1E58 /* history.css in Resources */,
				1A2B3C4D5E6F7A8B9C0D1E5A /* manifest.json in Resources */,
			);
			runOnlyForDeploymentPostprocessing = 0;
		};
		1A2B3C4D5E6F7A8B9C0D1E80 /* Resources */ = {
			isa = PBXResourcesBuildPhase;
			buildActionMask = 2147483647;
			files = (
				1A2B3C4D5E6F7A8B9C0D1E3A /* Preview Assets.xcassets in Resources */,
				1A2B3C4D5E6F7A8B9C0D1E2F /* Assets.xcassets in Resources */,
			);
			runOnlyForDeploymentPostprocessing = 0;
		};
		1A2B3C4D5E6F7A8B9C0D1E85 /* Resources */ = {
			isa = PBXResourcesBuildPhase;
			buildActionMask = 2147483647;
			files = (
			);
			runOnlyForDeploymentPostprocessing = 0;
		};
		1A2B3C4D5E6F7A8B9C0D1E8A /* Resources */ = {
			isa = PBXResourcesBuildPhase;
			buildActionMask = 2147483647;
			files = (
			);
			runOnlyForDeploymentPostprocessing = 0;
		};
/* End PBXResourcesBuildPhase section */

/* Begin PBXSourcesBuildPhase section */
		1A2B3C4D5E6F7A8B9C0D1E7C /* Sources */ = {
			isa = PBXSourcesBuildPhase;
			buildActionMask = 2147483647;
			files = (
				1A2B3C4D5E6F7A8B9C0D1E42 /* SafariWebExtensionHandler.swift in Sources */,
			);
			runOnlyForDeploymentPostprocessing = 0;
		};
		1A2B3C4D5E6F7A8B9C0D1E7F /* Sources */ = {
			isa = PBXSourcesBuildPhase;
			buildActionMask = 2147483647;
			files = (
				1A2B3C4D5E6F7A8B9C0D1E40 /* ContentView.swift in Sources */,
				1A2B3C4D5E6F7A8B9C0D1E3C /* ChronicleSync.swift in Sources */,
			);
			runOnlyForDeploymentPostprocessing = 0;
		};
		1A2B3C4D5E6F7A8B9C0D1E84 /* Sources */ = {
			isa = PBXSourcesBuildPhase;
			buildActionMask = 2147483647;
			files = (
				1A2B3C4D5E6F7A8B9C0D1E5E /* ChronicleSync Tests.swift in Sources */,
			);
			runOnlyForDeploymentPostprocessing = 0;
		};
		1A2B3C4D5E6F7A8B9C0D1E89 /* Sources */ = {
			isa = PBXSourcesBuildPhase;
			buildActionMask = 2147483647;
			files = (
				1A2B3C4D5E6F7A8B9C0D1E60 /* ChronicleSync UITests.swift in Sources */,
			);
			runOnlyForDeploymentPostprocessing = 0;
		};
/* End PBXSourcesBuildPhase section */

/* Begin PBXTargetDependency section */
		1A2B3C4D5E6F7A8B9C0D1E81 /* PBXTargetDependency */ = {
			isa = PBXTargetDependency;
			target = 1A2B3C4D5E6F7A8B9C0D1E64 /* ChronicleSync Extension */;
			targetProxy = 1A2B3C4D5E6F7A8B9C0D1E62 /* PBXContainerItemProxy */;
		};
		1A2B3C4D5E6F7A8B9C0D1E86 /* PBXTargetDependency */ = {
			isa = PBXTargetDependency;
			target = 1A2B3C4D5E6F7A8B9C0D1E66 /* ChronicleSync */;
			targetProxy = 1A2B3C4D5E6F7A8B9C0D1E65 /* PBXContainerItemProxy */;
		};
		1A2B3C4D5E6F7A8B9C0D1E8B /* PBXTargetDependency */ = {
			isa = PBXTargetDependency;
			target = 1A2B3C4D5E6F7A8B9C0D1E66 /* ChronicleSync */;
			targetProxy = 1A2B3C4D5E6F7A8B9C0D1E67 /* PBXContainerItemProxy */;
		};
/* End PBXTargetDependency section */

/* Begin XCBuildConfiguration section */
		1A2B3C4D5E6F7A8B9C0D1E8D /* Debug */ = {
			isa = XCBuildConfiguration;
			buildSettings = {
				ALWAYS_SEARCH_USER_PATHS = NO;
				ASSETCATALOG_COMPILER_GENERATE_SWIFT_ASSET_SYMBOL_EXTENSIONS = YES;
				CLANG_ANALYZER_NONNULL = YES;
				CLANG_ANALYZER_NUMBER_OBJECT_CONVERSION = YES_AGGRESSIVE;
				CLANG_CXX_LANGUAGE_STANDARD = "gnu++20";
				CLANG_ENABLE_MODULES = YES;
				CLANG_ENABLE_OBJC_ARC = YES;
				CLANG_ENABLE_OBJC_WEAK = YES;
				CLANG_WARN_BLOCK_CAPTURE_AUTORELEASING = YES;
				CLANG_WARN_BOOL_CONVERSION = YES;
				CLANG_WARN_COMMA = YES;
				CLANG_WARN_CONSTANT_CONVERSION = YES;
				CLANG_WARN_DEPRECATED_OBJC_IMPLEMENTATIONS = YES;
				CLANG_WARN_DIRECT_OBJC_ISA_USAGE = YES_ERROR;
				CLANG_WARN_DOCUMENTATION_COMMENTS = YES;
				CLANG_WARN_EMPTY_BODY = YES;
				CLANG_WARN_ENUM_CONVERSION = YES;
				CLANG_WARN_INFINITE_RECURSION = YES;
				CLANG_WARN_INT_CONVERSION = YES;
				CLANG_WARN_NON_LITERAL_NULL_CONVERSION = YES;
				CLANG_WARN_OBJC_IMPLICIT_RETAIN_SELF = YES;
				CLANG_WARN_OBJC_LITERAL_CONVERSION = YES;
				CLANG_WARN_OBJC_ROOT_CLASS = YES_ERROR;
				CLANG_WARN_QUOTED_INCLUDE_IN_FRAMEWORK_HEADER = YES;
				CLANG_WARN_RANGE_LOOP_ANALYSIS = YES;
				CLANG_WARN_STRICT_PROTOTYPES = YES;
				CLANG_WARN_SUSPICIOUS_MOVE = YES;
				CLANG_WARN_UNGUARDED_AVAILABILITY = YES_AGGRESSIVE;
				CLANG_WARN_UNREACHABLE_CODE = YES;
				CLANG_WARN__DUPLICATE_METHOD_MATCH = YES;
				COPY_PHASE_STRIP = NO;
				DEBUG_INFORMATION_FORMAT = dwarf;
				ENABLE_STRICT_OBJC_MSGSEND = YES;
				ENABLE_TESTABILITY = YES;
				ENABLE_USER_SCRIPT_SANDBOXING = YES;
				GCC_C_LANGUAGE_STANDARD = gnu17;
				GCC_DYNAMIC_NO_PIC = NO;
				GCC_NO_COMMON_BLOCKS = YES;
				GCC_OPTIMIZATION_LEVEL = 0;
				GCC_PREPROCESSOR_DEFINITIONS = (
					"DEBUG=1",
					"$(inherited)",
				);
				GCC_WARN_64_TO_32_BIT_CONVERSION = YES;
				GCC_WARN_ABOUT_RETURN_TYPE = YES_ERROR;
				GCC_WARN_UNDECLARED_SELECTOR = YES;
				GCC_WARN_UNINITIALIZED_AUTOS = YES_AGGRESSIVE;
				GCC_WARN_UNUSED_FUNCTION = YES;
				GCC_WARN_UNUSED_VARIABLE = YES;
				IPHONEOS_DEPLOYMENT_TARGET = 17.0;
				LOCALIZATION_PREFERS_STRING_CATALOGS = YES;
				MTL_ENABLE_DEBUG_INFO = INCLUDE_SOURCE;
				MTL_FAST_MATH = YES;
				ONLY_ACTIVE_ARCH = YES;
				SDKROOT = iphoneos;
				SWIFT_ACTIVE_COMPILATION_CONDITIONS = "DEBUG $(inherited)";
				SWIFT_OPTIMIZATION_LEVEL = "-Onone";
			};
			name = Debug;
		};
		1A2B3C4D5E6F7A8B9C0D1E8E /* Release */ = {
			isa = XCBuildConfiguration;
			buildSettings = {
				ALWAYS_SEARCH_USER_PATHS = NO;
				ASSETCATALOG_COMPILER_GENERATE_SWIFT_ASSET_SYMBOL_EXTENSIONS = YES;
				CLANG_ANALYZER_NONNULL = YES;
				CLANG_ANALYZER_NUMBER_OBJECT_CONVERSION = YES_AGGRESSIVE;
				CLANG_CXX_LANGUAGE_STANDARD = "gnu++20";
				CLANG_ENABLE_MODULES = YES;
				CLANG_ENABLE_OBJC_ARC = YES;
				CLANG_ENABLE_OBJC_WEAK = YES;
				CLANG_WARN_BLOCK_CAPTURE_AUTORELEASING = YES;
				CLANG_WARN_BOOL_CONVERSION = YES;
				CLANG_WARN_COMMA = YES;
				CLANG_WARN_CONSTANT_CONVERSION = YES;
				CLANG_WARN_DEPRECATED_OBJC_IMPLEMENTATIONS = YES;
				CLANG_WARN_DIRECT_OBJC_ISA_USAGE = YES_ERROR;
				CLANG_WARN_DOCUMENTATION_COMMENTS = YES;
				CLANG_WARN_EMPTY_BODY = YES;
				CLANG_WARN_ENUM_CONVERSION = YES;
				CLANG_WARN_INFINITE_RECURSION = YES;
				CLANG_WARN_INT_CONVERSION = YES;
				CLANG_WARN_NON_LITERAL_NULL_CONVERSION = YES;
				CLANG_WARN_OBJC_IMPLICIT_RETAIN_SELF = YES;
				CLANG_WARN_OBJC_LITERAL_CONVERSION = YES;
				CLANG_WARN_OBJC_ROOT_CLASS = YES_ERROR;
				CLANG_WARN_QUOTED_INCLUDE_IN_FRAMEWORK_HEADER = YES;
				CLANG_WARN_RANGE_LOOP_ANALYSIS = YES;
				CLANG_WARN_STRICT_PROTOTYPES = YES;
				CLANG_WARN_SUSPICIOUS_MOVE = YES;
				CLANG_WARN_UNGUARDED_AVAILABILITY = YES_AGGRESSIVE;
				CLANG_WARN_UNREACHABLE_CODE = YES;
				CLANG_WARN__DUPLICATE_METHOD_MATCH = YES;
				COPY_PHASE_STRIP = NO;
				DEBUG_INFORMATION_FORMAT = "dwarf-with-dsym";
				ENABLE_NS_ASSERTIONS = NO;
				ENABLE_STRICT_OBJC_MSGSEND = YES;
				ENABLE_USER_SCRIPT_SANDBOXING = YES;
				GCC_C_LANGUAGE_STANDARD = gnu17;
				GCC_NO_COMMON_BLOCKS = YES;
				GCC_WARN_64_TO_32_BIT_CONVERSION = YES;
				GCC_WARN_ABOUT_RETURN_TYPE = YES_ERROR;
				GCC_WARN_UNDECLARED_SELECTOR = YES;
				GCC_WARN_UNINITIALIZED_AUTOS = YES_AGGRESSIVE;
				GCC_WARN_UNUSED_FUNCTION = YES;
				GCC_WARN_UNUSED_VARIABLE = YES;
				IPHONEOS_DEPLOYMENT_TARGET = 17.0;
				LOCALIZATION_PREFERS_STRING_CATALOGS = YES;
				MTL_ENABLE_DEBUG_INFO = NO;
				MTL_FAST_MATH = YES;
				SDKROOT = iphoneos;
				SWIFT_COMPILATION_MODE = wholemodule;
				VALIDATE_PRODUCT = YES;
			};
			name = Release;
		};
		1A2B3C4D5E6F7A8B9C0D1E8F /* Debug */ = {
			isa = XCBuildConfiguration;
			buildSettings = {
				CODE_SIGN_ENTITLEMENTS = "ChronicleSync Extension/ChronicleSync Extension.entitlements";
				CODE_SIGN_STYLE = Automatic;
				CURRENT_PROJECT_VERSION = 1;
				DEVELOPMENT_TEAM = "";
				GENERATE_INFOPLIST_FILE = YES;
				INFOPLIST_FILE = "ChronicleSync Extension/Info.plist";
				INFOPLIST_KEY_CFBundleDisplayName = "ChronicleSync Extension";
				INFOPLIST_KEY_NSHumanReadableCopyright = "";
				IPHONEOS_DEPLOYMENT_TARGET = 17.0;
				LD_RUNPATH_SEARCH_PATHS = (
					"$(inherited)",
					"@executable_path/Frameworks",
					"@executable_path/../../Frameworks",
				);
				MARKETING_VERSION = 1.0;
				OTHER_LDFLAGS = (
					"-framework",
					SafariServices,
				);
				PRODUCT_BUNDLE_IDENTIFIER = "xyz.chroniclesync.ChronicleSync.Extension";
				PRODUCT_NAME = "$(TARGET_NAME)";
				SKIP_INSTALL = YES;
				SWIFT_EMIT_LOC_STRINGS = YES;
				SWIFT_VERSION = 5.0;
				TARGETED_DEVICE_FAMILY = "1,2";
			};
			name = Debug;
		};
		1A2B3C4D5E6F7A8B9C0D1E90 /* Release */ = {
			isa = XCBuildConfiguration;
			buildSettings = {
				CODE_SIGN_ENTITLEMENTS = "ChronicleSync Extension/ChronicleSync Extension.entitlements";
				CODE_SIGN_STYLE = Automatic;
				CURRENT_PROJECT_VERSION = 1;
				DEVELOPMENT_TEAM = "";
				GENERATE_INFOPLIST_FILE = YES;
				INFOPLIST_FILE = "ChronicleSync Extension/Info.plist";
				INFOPLIST_KEY_CFBundleDisplayName = "ChronicleSync Extension";
				INFOPLIST_KEY_NSHumanReadableCopyright = "";
				IPHONEOS_DEPLOYMENT_TARGET = 17.0;
				LD_RUNPATH_SEARCH_PATHS = (
					"$(inherited)",
					"@executable_path/Frameworks",
					"@executable_path/../../Frameworks",
				);
				MARKETING_VERSION = 1.0;
				OTHER_LDFLAGS = (
					"-framework",
					SafariServices,
				);
				PRODUCT_BUNDLE_IDENTIFIER = "xyz.chroniclesync.ChronicleSync.Extension";
				PRODUCT_NAME = "$(TARGET_NAME)";
				SKIP_INSTALL = YES;
				SWIFT_EMIT_LOC_STRINGS = YES;
				SWIFT_VERSION = 5.0;
				TARGETED_DEVICE_FAMILY = "1,2";
			};
			name = Release;
		};
		1A2B3C4D5E6F7A8B9C0D1E91 /* Debug */ = {
			isa = XCBuildConfiguration;
			buildSettings = {
				ALWAYS_EMBED_SWIFT_STANDARD_LIBRARIES = YES;
				ASSETCATALOG_COMPILER_APPICON_NAME = AppIcon;
				ASSETCATALOG_COMPILER_GLOBAL_ACCENT_COLOR_NAME = AccentColor;
				CODE_SIGN_ENTITLEMENTS = ChronicleSync/ChronicleSync.entitlements;
				CODE_SIGN_STYLE = Automatic;
				CURRENT_PROJECT_VERSION = 1;
				DEVELOPMENT_ASSET_PATHS = "\"ChronicleSync/Preview Content\"";
				DEVELOPMENT_TEAM = "";
				ENABLE_PREVIEWS = YES;
				GENERATE_INFOPLIST_FILE = YES;
				INFOPLIST_FILE = ChronicleSync/Info.plist;
				INFOPLIST_KEY_CFBundleDisplayName = ChronicleSync;
				INFOPLIST_KEY_UIApplicationSceneManifest_Generation = YES;
				INFOPLIST_KEY_UIApplicationSupportsIndirectInputEvents = YES;
				INFOPLIST_KEY_UILaunchScreen_Generation = YES;
				INFOPLIST_KEY_UISupportedInterfaceOrientations_iPad = "UIInterfaceOrientationPortrait UIInterfaceOrientationPortraitUpsideDown UIInterfaceOrientationLandscapeLeft UIInterfaceOrientationLandscapeRight";
				INFOPLIST_KEY_UISupportedInterfaceOrientations_iPhone = "UIInterfaceOrientationPortrait UIInterfaceOrientationLandscapeLeft UIInterfaceOrientationLandscapeRight";
				IPHONEOS_DEPLOYMENT_TARGET = 17.0;
				LD_RUNPATH_SEARCH_PATHS = (
					"$(inherited)",
					"@executable_path/Frameworks",
				);
				MARKETING_VERSION = 1.0;
				PRODUCT_BUNDLE_IDENTIFIER = "xyz.chroniclesync.ChronicleSync";
				PRODUCT_NAME = "$(TARGET_NAME)";
				SWIFT_EMIT_LOC_STRINGS = YES;
				SWIFT_VERSION = 5.0;
				TARGETED_DEVICE_FAMILY = "1,2";
			};
			name = Debug;
		};
		1A2B3C4D5E6F7A8B9C0D1E92 /* Release */ = {
			isa = XCBuildConfiguration;
			buildSettings = {
				ALWAYS_EMBED_SWIFT_STANDARD_LIBRARIES = YES;
				ASSETCATALOG_COMPILER_APPICON_NAME = AppIcon;
				ASSETCATALOG_COMPILER_GLOBAL_ACCENT_COLOR_NAME = AccentColor;
				CODE_SIGN_ENTITLEMENTS = ChronicleSync/ChronicleSync.entitlements;
				CODE_SIGN_STYLE = Automatic;
				CURRENT_PROJECT_VERSION = 1;
				DEVELOPMENT_ASSET_PATHS = "\"ChronicleSync/Preview Content\"";
				DEVELOPMENT_TEAM = "";
				ENABLE_PREVIEWS = YES;
				GENERATE_INFOPLIST_FILE = YES;
				INFOPLIST_FILE = ChronicleSync/Info.plist;
				INFOPLIST_KEY_CFBundleDisplayName = ChronicleSync;
				INFOPLIST_KEY_UIApplicationSceneManifest_Generation = YES;
				INFOPLIST_KEY_UIApplicationSupportsIndirectInputEvents = YES;
				INFOPLIST_KEY_UILaunchScreen_Generation = YES;
				INFOPLIST_KEY_UISupportedInterfaceOrientations_iPad = "UIInterfaceOrientationPortrait UIInterfaceOrientationPortraitUpsideDown UIInterfaceOrientationLandscapeLeft UIInterfaceOrientationLandscapeRight";
				INFOPLIST_KEY_UISupportedInterfaceOrientations_iPhone = "UIInterfaceOrientationPortrait UIInterfaceOrientationLandscapeLeft UIInterfaceOrientationLandscapeRight";
				IPHONEOS_DEPLOYMENT_TARGET = 17.0;
				LD_RUNPATH_SEARCH_PATHS = (
					"$(inherited)",
					"@executable_path/Frameworks",
				);
				MARKETING_VERSION = 1.0;
				PRODUCT_BUNDLE_IDENTIFIER = "xyz.chroniclesync.ChronicleSync";
				PRODUCT_NAME = "$(TARGET_NAME)";
				SWIFT_EMIT_LOC_STRINGS = YES;
				SWIFT_VERSION = 5.0;
				TARGETED_DEVICE_FAMILY = "1,2";
			};
			name = Release;
		};
		1A2B3C4D5E6F7A8B9C0D1E93 /* Debug */ = {
			isa = XCBuildConfiguration;
			buildSettings = {
				ALWAYS_EMBED_SWIFT_STANDARD_LIBRARIES = YES;
				BUNDLE_LOADER = "$(TEST_HOST)";
				CODE_SIGN_STYLE = Automatic;
				CURRENT_PROJECT_VERSION = 1;
				DEVELOPMENT_TEAM = "";
				GENERATE_INFOPLIST_FILE = YES;
				IPHONEOS_DEPLOYMENT_TARGET = 17.0;
				MARKETING_VERSION = 1.0;
				PRODUCT_BUNDLE_IDENTIFIER = "xyz.chroniclesync.ChronicleSync-Tests";
				PRODUCT_NAME = "$(TARGET_NAME)";
				SWIFT_EMIT_LOC_STRINGS = NO;
				SWIFT_VERSION = 5.0;
				TARGETED_DEVICE_FAMILY = "1,2";
				TEST_HOST = "$(BUILT_PRODUCTS_DIR)/ChronicleSync.app/$(BUNDLE_EXECUTABLE_FOLDER_PATH)/ChronicleSync";
			};
			name = Debug;
		};
		1A2B3C4D5E6F7A8B9C0D1E94 /* Release */ = {
			isa = XCBuildConfiguration;
			buildSettings = {
				ALWAYS_EMBED_SWIFT_STANDARD_LIBRARIES = YES;
				BUNDLE_LOADER = "$(TEST_HOST)";
				CODE_SIGN_STYLE = Automatic;
				CURRENT_PROJECT_VERSION = 1;
				DEVELOPMENT_TEAM = "";
				GENERATE_INFOPLIST_FILE = YES;
				IPHONEOS_DEPLOYMENT_TARGET = 17.0;
				MARKETING_VERSION = 1.0;
				PRODUCT_BUNDLE_IDENTIFIER = "xyz.chroniclesync.ChronicleSync-Tests";
				PRODUCT_NAME = "$(TARGET_NAME)";
				SWIFT_EMIT_LOC_STRINGS = NO;
				SWIFT_VERSION = 5.0;
				TARGETED_DEVICE_FAMILY = "1,2";
				TEST_HOST = "$(BUILT_PRODUCTS_DIR)/ChronicleSync.app/$(BUNDLE_EXECUTABLE_FOLDER_PATH)/ChronicleSync";
			};
			name = Release;
		};
		1A2B3C4D5E6F7A8B9C0D1E95 /* Debug */ = {
			isa = XCBuildConfiguration;
			buildSettings = {
				ALWAYS_EMBED_SWIFT_STANDARD_LIBRARIES = YES;
				CODE_SIGN_STYLE = Automatic;
				CURRENT_PROJECT_VERSION = 1;
				DEVELOPMENT_TEAM = "";
				GENERATE_INFOPLIST_FILE = YES;
				IPHONEOS_DEPLOYMENT_TARGET = 17.0;
				MARKETING_VERSION = 1.0;
				PRODUCT_BUNDLE_IDENTIFIER = "xyz.chroniclesync.ChronicleSync-UITests";
				PRODUCT_NAME = "$(TARGET_NAME)";
				SWIFT_EMIT_LOC_STRINGS = NO;
				SWIFT_VERSION = 5.0;
				TARGETED_DEVICE_FAMILY = "1,2";
				TEST_TARGET_NAME = ChronicleSync;
			};
			name = Debug;
		};
		1A2B3C4D5E6F7A8B9C0D1E96 /* Release */ = {
			isa = XCBuildConfiguration;
			buildSettings = {
				ALWAYS_EMBED_SWIFT_STANDARD_LIBRARIES = YES;
				CODE_SIGN_STYLE = Automatic;
				CURRENT_PROJECT_VERSION = 1;
				DEVELOPMENT_TEAM = "";
				GENERATE_INFOPLIST_FILE = YES;
				IPHONEOS_DEPLOYMENT_TARGET = 17.0;
				MARKETING_VERSION = 1.0;
				PRODUCT_BUNDLE_IDENTIFIER = "xyz.chroniclesync.ChronicleSync-UITests";
				PRODUCT_NAME = "$(TARGET_NAME)";
				SWIFT_EMIT_LOC_STRINGS = NO;
				SWIFT_VERSION = 5.0;
				TARGETED_DEVICE_FAMILY = "1,2";
				TEST_TARGET_NAME = ChronicleSync;
			};
			name = Release;
		};
/* End XCBuildConfiguration section */

/* Begin XCConfigurationList section */
		1A2B3C4D5E6F7A8B9C0D1E7B /* Build configuration list for PBXNativeTarget "ChronicleSync Extension" */ = {
			isa = XCConfigurationList;
			buildConfigurations = (
				1A2B3C4D5E6F7A8B9C0D1E8F /* Debug */,
				1A2B3C4D5E6F7A8B9C0D1E90 /* Release */,
			);
			defaultConfigurationIsVisible = 0;
			defaultConfigurationName = Release;
		};
		1A2B3C4D5E6F7A8B9C0D1E7E /* Build configuration list for PBXNativeTarget "ChronicleSync" */ = {
			isa = XCConfigurationList;
			buildConfigurations = (
				1A2B3C4D5E6F7A8B9C0D1E91 /* Debug */,
				1A2B3C4D5E6F7A8B9C0D1E92 /* Release */,
			);
			defaultConfigurationIsVisible = 0;
			defaultConfigurationName = Release;
		};
		1A2B3C4D5E6F7A8B9C0D1E83 /* Build configuration list for PBXNativeTarget "ChronicleSync Tests" */ = {
			isa = XCConfigurationList;
			buildConfigurations = (
				1A2B3C4D5E6F7A8B9C0D1E93 /* Debug */,
				1A2B3C4D5E6F7A8B9C0D1E94 /* Release */,
			);
			defaultConfigurationIsVisible = 0;
			defaultConfigurationName = Release;
		};
		1A2B3C4D5E6F7A8B9C0D1E88 /* Build configuration list for PBXNativeTarget "ChronicleSync UITests" */ = {
			isa = XCConfigurationList;
			buildConfigurations = (
				1A2B3C4D5E6F7A8B9C0D1E95 /* Debug */,
				1A2B3C4D5E6F7A8B9C0D1E96 /* Release */,
			);
			defaultConfigurationIsVisible = 0;
			defaultConfigurationName = Release;
		};
		1A2B3C4D5E6F7A8B9C0D1E8C /* Build configuration list for PBXProject "ChronicleSync" */ = {
			isa = XCConfigurationList;
			buildConfigurations = (
				1A2B3C4D5E6F7A8B9C0D1E8D /* Debug */,
				1A2B3C4D5E6F7A8B9C0D1E8E /* Release */,
			);
			defaultConfigurationIsVisible = 0;
			defaultConfigurationName = Release;
		};
/* End XCConfigurationList section */
	};
	rootObject = 1A2B3C4D5E6F7A8B9C0D1E63 /* Project object */;
}